<?xml version="1.0" encoding="UTF-8" standalone="yes" ?>
<CodeBlocks_project_file>
	<FileVersion major="1" minor="6" />
	<Project>
		<Option title="ArduCopter" />
		<Option makefile_is_custom="1" />
		<Option execution_dir="/home/die/ardupilot/ardupilot/ArduCopter" />
		<Option pch_mode="2" />
		<Option compiler="gcc" />
		<Build>
			<Target title="Debug">
				<Option output="bin/Debug/ArduCopter" prefix_auto="1" extension_auto="1" />
				<Option object_output="obj/Debug/" />
				<Option type="1" />
				<Option compiler="gcc" />
				<Compiler>
					<Add option="-g" />
				</Compiler>
				<MakeCommands>
					<Build command="$make px4-v2" />
					<CompileFile command="$make -f $makefile $file" />
					<Clean command="$make -f $makefile clean$target" />
					<DistClean command="$make -f $makefile distclean$target" />
					<AskRebuildNeeded command="$make -q -f $makefile $target" />
					<SilentBuild command="$make px4-v2 &gt; $(CMD_NULL)" />
				</MakeCommands>
			</Target>
			<Target title="Release">
				<Option output="bin/Release/ArduCopter" prefix_auto="1" extension_auto="1" />
				<Option object_output="obj/Release/" />
				<Option type="1" />
				<Option compiler="gcc" />
				<Compiler>
					<Add option="-O2" />
				</Compiler>
				<Linker>
					<Add option="-s" />
				</Linker>
				<MakeCommands>
					<Build command="$make px4-v2-upload" />
					<CompileFile command="$make -f $makefile $file" />
					<Clean command="$make -f $makefile clean$target" />
					<DistClean command="$make -f $makefile distclean$target" />
					<AskRebuildNeeded command="$make -q -f $makefile $target" />
					<SilentBuild command="$make px4-v2-upload &gt; $(CMD_NULL)" />
				</MakeCommands>
			</Target>
		</Build>
		<Compiler>
			<Add option="-Wall" />
		</Compiler>
		<Unit filename="ArduCopter/APM_Config.h" />
		<Unit filename="ArduCopter/APM_Config_mavlink_hil.h" />
		<Unit filename="ArduCopter/AP_Arming.cpp" />
		<Unit filename="ArduCopter/AP_Arming.cpp.d" />
		<Unit filename="ArduCopter/AP_Arming.h" />
		<Unit filename="ArduCopter/AP_Rally.cpp" />
		<Unit filename="ArduCopter/AP_Rally.cpp.d" />
		<Unit filename="ArduCopter/AP_Rally.h" />
		<Unit filename="ArduCopter/AP_State.cpp" />
		<Unit filename="ArduCopter/AP_State.cpp.d" />
		<Unit filename="ArduCopter/ArduCopter.cpp" />
		<Unit filename="ArduCopter/ArduCopter.cpp.d" />
		<Unit filename="ArduCopter/Attitude.cpp" />
		<Unit filename="ArduCopter/Attitude.cpp.d" />
		<Unit filename="ArduCopter/Copter.cpp" />
		<Unit filename="ArduCopter/Copter.cpp.d" />
		<Unit filename="ArduCopter/Copter.h" />
		<Unit filename="ArduCopter/GCS_Mavlink.cpp" />
		<Unit filename="ArduCopter/GCS_Mavlink.cpp.d" />
		<Unit filename="ArduCopter/GCS_Mavlink.h" />
		<Unit filename="ArduCopter/Log.cpp" />
		<Unit filename="ArduCopter/Log.cpp.d" />
		<Unit filename="ArduCopter/Parameters.cpp" />
		<Unit filename="ArduCopter/Parameters.cpp.d" />
		<Unit filename="ArduCopter/Parameters.h" />
		<Unit filename="ArduCopter/UserCode.cpp" />
		<Unit filename="ArduCopter/UserCode.cpp.d" />
		<Unit filename="ArduCopter/UserVariables.h" />
		<Unit filename="ArduCopter/afs_copter.cpp" />
		<Unit filename="ArduCopter/afs_copter.cpp.d" />
		<Unit filename="ArduCopter/afs_copter.h" />
		<Unit filename="ArduCopter/avoidance_adsb.cpp" />
		<Unit filename="ArduCopter/avoidance_adsb.cpp.d" />
		<Unit filename="ArduCopter/avoidance_adsb.h" />
		<Unit filename="ArduCopter/baro_ground_effect.cpp" />
		<Unit filename="ArduCopter/baro_ground_effect.cpp.d" />
		<Unit filename="ArduCopter/capabilities.cpp" />
		<Unit filename="ArduCopter/capabilities.cpp.d" />
		<Unit filename="ArduCopter/commands.cpp" />
		<Unit filename="ArduCopter/commands.cpp.d" />
		<Unit filename="ArduCopter/commands_logic.cpp" />
		<Unit filename="ArduCopter/commands_logic.cpp.d" />
		<Unit filename="ArduCopter/compassmot.cpp" />
		<Unit filename="ArduCopter/compassmot.cpp.d" />
		<Unit filename="ArduCopter/compat.cpp" />
		<Unit filename="ArduCopter/compat.cpp.d" />
		<Unit filename="ArduCopter/config.h" />
		<Unit filename="ArduCopter/control_acro.cpp" />
		<Unit filename="ArduCopter/control_acro.cpp.d" />
		<Unit filename="ArduCopter/control_althold.cpp" />
		<Unit filename="ArduCopter/control_althold.cpp.d" />
		<Unit filename="ArduCopter/control_auto.cpp" />
		<Unit filename="ArduCopter/control_auto.cpp.d" />
		<Unit filename="ArduCopter/control_autotune.cpp" />
		<Unit filename="ArduCopter/control_autotune.cpp.d" />
		<Unit filename="ArduCopter/control_avoid_adsb.cpp" />
		<Unit filename="ArduCopter/control_avoid_adsb.cpp.d" />
		<Unit filename="ArduCopter/control_brake.cpp" />
		<Unit filename="ArduCopter/control_brake.cpp.d" />
		<Unit filename="ArduCopter/control_circle.cpp" />
		<Unit filename="ArduCopter/control_circle.cpp.d" />
		<Unit filename="ArduCopter/control_drift.cpp" />
		<Unit filename="ArduCopter/control_drift.cpp.d" />
		<Unit filename="ArduCopter/control_flip.cpp" />
		<Unit filename="ArduCopter/control_flip.cpp.d" />
		<Unit filename="ArduCopter/control_guided.cpp" />
		<Unit filename="ArduCopter/control_guided.cpp.d" />
		<Unit filename="ArduCopter/control_guided_nogps.cpp" />
		<Unit filename="ArduCopter/control_guided_nogps.cpp.d" />
		<Unit filename="ArduCopter/control_land.cpp" />
		<Unit filename="ArduCopter/control_land.cpp.d" />
		<Unit filename="ArduCopter/control_loiter.cpp" />
		<Unit filename="ArduCopter/control_loiter.cpp.d" />
		<Unit filename="ArduCopter/control_poshold.cpp" />
		<Unit filename="ArduCopter/control_poshold.cpp.d" />
		<Unit filename="ArduCopter/control_ptam.cpp" />
		<Unit filename="ArduCopter/control_ptam_tray.cpp" />
		<Unit filename="ArduCopter/control_rtl.cpp" />
		<Unit filename="ArduCopter/control_rtl.cpp.d" />
		<Unit filename="ArduCopter/control_sport.cpp" />
		<Unit filename="ArduCopter/control_sport.cpp.d" />
		<Unit filename="ArduCopter/control_stabilize.cpp" />
		<Unit filename="ArduCopter/control_stabilize.cpp.d" />
		<Unit filename="ArduCopter/control_throw.cpp" />
		<Unit filename="ArduCopter/control_throw.cpp.d" />
		<Unit filename="ArduCopter/crash_check.cpp" />
		<Unit filename="ArduCopter/crash_check.cpp.d" />
		<Unit filename="ArduCopter/defines.h" />
		<Unit filename="ArduCopter/ekf_check.cpp" />
		<Unit filename="ArduCopter/ekf_check.cpp.d" />
		<Unit filename="ArduCopter/esc_calibration.cpp" />
		<Unit filename="ArduCopter/esc_calibration.cpp.d" />
		<Unit filename="ArduCopter/events.cpp" />
		<Unit filename="ArduCopter/events.cpp.d" />
		<Unit filename="ArduCopter/failsafe.cpp" />
		<Unit filename="ArduCopter/failsafe.cpp.d" />
		<Unit filename="ArduCopter/fence.cpp" />
		<Unit filename="ArduCopter/fence.cpp.d" />
		<Unit filename="ArduCopter/flight_mode.cpp" />
		<Unit filename="ArduCopter/flight_mode.cpp.d" />
		<Unit filename="ArduCopter/heli.cpp" />
		<Unit filename="ArduCopter/heli.cpp.d" />
		<Unit filename="ArduCopter/heli_control_acro.cpp" />
		<Unit filename="ArduCopter/heli_control_acro.cpp.d" />
		<Unit filename="ArduCopter/heli_control_stabilize.cpp" />
		<Unit filename="ArduCopter/heli_control_stabilize.cpp.d" />
		<Unit filename="ArduCopter/inertia.cpp" />
		<Unit filename="ArduCopter/inertia.cpp.d" />
		<Unit filename="ArduCopter/land_detector.cpp" />
		<Unit filename="ArduCopter/land_detector.cpp.d" />
		<Unit filename="ArduCopter/landing_gear.cpp" />
		<Unit filename="ArduCopter/landing_gear.cpp.d" />
		<Unit filename="ArduCopter/leds.cpp" />
		<Unit filename="ArduCopter/leds.cpp.d" />
		<Unit filename="ArduCopter/motor_test.cpp" />
		<Unit filename="ArduCopter/motor_test.cpp.d" />
		<Unit filename="ArduCopter/motors.cpp" />
		<Unit filename="ArduCopter/motors.cpp.d" />
		<Unit filename="ArduCopter/navigation.cpp" />
		<Unit filename="ArduCopter/navigation.cpp.d" />
		<Unit filename="ArduCopter/perf_info.cpp" />
		<Unit filename="ArduCopter/perf_info.cpp.d" />
		<Unit filename="ArduCopter/position_vector.cpp" />
		<Unit filename="ArduCopter/position_vector.cpp.d" />
		<Unit filename="ArduCopter/precision_landing.cpp" />
		<Unit filename="ArduCopter/precision_landing.cpp.d" />
		<Unit filename="ArduCopter/radio.cpp" />
		<Unit filename="ArduCopter/radio.cpp.d" />
		<Unit filename="ArduCopter/sensors.cpp" />
		<Unit filename="ArduCopter/sensors.cpp.d" />
		<Unit filename="ArduCopter/setup.cpp" />
		<Unit filename="ArduCopter/setup.cpp.d" />
		<Unit filename="ArduCopter/switches.cpp" />
		<Unit filename="ArduCopter/switches.cpp.d" />
		<Unit filename="ArduCopter/system.cpp" />
		<Unit filename="ArduCopter/system.cpp.d" />
		<Unit filename="ArduCopter/takeoff.cpp" />
		<Unit filename="ArduCopter/takeoff.cpp.d" />
		<Unit filename="ArduCopter/terrain.cpp" />
		<Unit filename="ArduCopter/terrain.cpp.d" />
		<Unit filename="ArduCopter/test.cpp" />
		<Unit filename="ArduCopter/test.cpp.d" />
		<Unit filename="ArduCopter/tuning.cpp" />
		<Unit filename="ArduCopter/tuning.cpp.d" />
		<Unit filename="ArduCopter/version.h" />
		<Unit filename="libraries/AC_AttitudeControl/AC_AttitudeControl.cpp" />
		<Unit filename="libraries/AC_AttitudeControl/AC_AttitudeControl.h" />
		<Unit filename="libraries/AC_AttitudeControl/AC_AttitudeControl_Heli.cpp" />
		<Unit filename="libraries/AC_AttitudeControl/AC_AttitudeControl_Heli.h" />
		<Unit filename="libraries/AC_AttitudeControl/AC_AttitudeControl_Multi.cpp" />
		<Unit filename="libraries/AC_AttitudeControl/AC_AttitudeControl_Multi.h" />
		<Unit filename="libraries/AC_AttitudeControl/AC_AttitudeControl_Sub.cpp" />
		<Unit filename="libraries/AC_AttitudeControl/AC_AttitudeControl_Sub.h" />
		<Unit filename="libraries/AC_AttitudeControl/AC_PosControl.cpp" />
		<Unit filename="libraries/AC_AttitudeControl/AC_PosControl.h" />
		<Unit filename="libraries/AC_AttitudeControl/AC_PosControl_Sub.cpp" />
		<Unit filename="libraries/AC_AttitudeControl/AC_PosControl_Sub.h" />
		<Unit filename="libraries/AC_AttitudeControl/ControlMonitor.cpp" />
		<Unit filename="libraries/AC_Avoidance/AC_Avoid.cpp" />
		<Unit filename="libraries/AC_Avoidance/AC_Avoid.h" />
		<Unit filename="libraries/AC_Fence/AC_Fence.cpp" />
		<Unit filename="libraries/AC_Fence/AC_Fence.h" />
		<Unit filename="libraries/AC_Fence/AC_PolyFence_loader.cpp" />
		<Unit filename="libraries/AC_Fence/AC_PolyFence_loader.h" />
		<Unit filename="libraries/AC_InputManager/AC_InputManager.cpp" />
		<Unit filename="libraries/AC_InputManager/AC_InputManager.h" />
		<Unit filename="libraries/AC_InputManager/AC_InputManager_Heli.cpp" />
		<Unit filename="libraries/AC_InputManager/AC_InputManager_Heli.h" />
		<Unit filename="libraries/AC_PID/AC_HELI_PID.cpp" />
		<Unit filename="libraries/AC_PID/AC_HELI_PID.h" />
		<Unit filename="libraries/AC_PID/AC_P.cpp" />
		<Unit filename="libraries/AC_PID/AC_P.h" />
		<Unit filename="libraries/AC_PID/AC_PID.cpp" />
		<Unit filename="libraries/AC_PID/AC_PID.h" />
		<Unit filename="libraries/AC_PID/AC_PI_2D.cpp" />
		<Unit filename="libraries/AC_PID/AC_PI_2D.h" />
		<Unit filename="libraries/AC_PID/examples/AC_PID_test/AC_PID_test.cpp" />
		<Unit filename="libraries/AC_PrecLand/AC_PrecLand.cpp" />
		<Unit filename="libraries/AC_PrecLand/AC_PrecLand.h" />
		<Unit filename="libraries/AC_PrecLand/AC_PrecLand_Backend.h" />
		<Unit filename="libraries/AC_PrecLand/AC_PrecLand_Companion.cpp" />
		<Unit filename="libraries/AC_PrecLand/AC_PrecLand_Companion.h" />
		<Unit filename="libraries/AC_PrecLand/AC_PrecLand_IRLock.cpp" />
		<Unit filename="libraries/AC_PrecLand/AC_PrecLand_IRLock.h" />
		<Unit filename="libraries/AC_PrecLand/AC_PrecLand_SITL.cpp" />
		<Unit filename="libraries/AC_PrecLand/AC_PrecLand_SITL.h" />
		<Unit filename="libraries/AC_PrecLand/AC_PrecLand_SITL_Gazebo.cpp" />
		<Unit filename="libraries/AC_PrecLand/AC_PrecLand_SITL_Gazebo.h" />
		<Unit filename="libraries/AC_PrecLand/PosVelEKF.cpp" />
		<Unit filename="libraries/AC_PrecLand/PosVelEKF.h" />
		<Unit filename="libraries/AC_Sprayer/AC_Sprayer.cpp" />
		<Unit filename="libraries/AC_Sprayer/AC_Sprayer.h" />
		<Unit filename="libraries/AC_WPNav/AC_Circle.cpp" />
		<Unit filename="libraries/AC_WPNav/AC_Circle.h" />
		<Unit filename="libraries/AC_WPNav/AC_WPNav.cpp" />
		<Unit filename="libraries/AC_WPNav/AC_WPNav.h" />
		<Unit filename="libraries/APM_Control/APM_Control.h" />
		<Unit filename="libraries/APM_Control/AP_AutoTune.cpp" />
		<Unit filename="libraries/APM_Control/AP_AutoTune.h" />
		<Unit filename="libraries/APM_Control/AP_PitchController.cpp" />
		<Unit filename="libraries/APM_Control/AP_PitchController.h" />
		<Unit filename="libraries/APM_Control/AP_RollController.cpp" />
		<Unit filename="libraries/APM_Control/AP_RollController.h" />
		<Unit filename="libraries/APM_Control/AP_SteerController.cpp" />
		<Unit filename="libraries/APM_Control/AP_SteerController.h" />
		<Unit filename="libraries/APM_Control/AP_YawController.cpp" />
		<Unit filename="libraries/APM_Control/AP_YawController.h" />
		<Unit filename="libraries/AP_ADC/AP_ADC.cpp" />
		<Unit filename="libraries/AP_ADC/AP_ADC.h" />
		<Unit filename="libraries/AP_ADC/AP_ADC_ADS1115.cpp" />
		<Unit filename="libraries/AP_ADC/AP_ADC_ADS1115.h" />
		<Unit filename="libraries/AP_ADSB/AP_ADSB.cpp" />
		<Unit filename="libraries/AP_ADSB/AP_ADSB.h" />
		<Unit filename="libraries/AP_AHRS/AP_AHRS.cpp" />
		<Unit filename="libraries/AP_AHRS/AP_AHRS.h" />
		<Unit filename="libraries/AP_AHRS/AP_AHRS_DCM.cpp" />
		<Unit filename="libraries/AP_AHRS/AP_AHRS_DCM.h" />
		<Unit filename="libraries/AP_AHRS/AP_AHRS_NavEKF.cpp" />
		<Unit filename="libraries/AP_AHRS/AP_AHRS_NavEKF.h" />
		<Unit filename="libraries/AP_AHRS/AP_AHRS_View.cpp" />
		<Unit filename="libraries/AP_AHRS/AP_AHRS_View.h" />
		<Unit filename="libraries/AP_AHRS/examples/AHRS_Test/AHRS_Test.cpp" />
		<Unit filename="libraries/AP_AccelCal/AP_AccelCal.cpp" />
		<Unit filename="libraries/AP_AccelCal/AP_AccelCal.h" />
		<Unit filename="libraries/AP_AccelCal/AccelCalibrator.cpp" />
		<Unit filename="libraries/AP_AccelCal/AccelCalibrator.h" />
		<Unit filename="libraries/AP_AdvancedFailsafe/AP_AdvancedFailsafe.cpp" />
		<Unit filename="libraries/AP_AdvancedFailsafe/AP_AdvancedFailsafe.h" />
		<Unit filename="libraries/AP_Airspeed/AP_Airspeed.cpp" />
		<Unit filename="libraries/AP_Airspeed/AP_Airspeed.h" />
		<Unit filename="libraries/AP_Airspeed/AP_Airspeed_Backend.cpp" />
		<Unit filename="libraries/AP_Airspeed/AP_Airspeed_Backend.h" />
		<Unit filename="libraries/AP_Airspeed/AP_Airspeed_MS4525.cpp" />
		<Unit filename="libraries/AP_Airspeed/AP_Airspeed_MS4525.h" />
		<Unit filename="libraries/AP_Airspeed/AP_Airspeed_MS5525.cpp" />
		<Unit filename="libraries/AP_Airspeed/AP_Airspeed_MS5525.h" />
		<Unit filename="libraries/AP_Airspeed/AP_Airspeed_analog.cpp" />
		<Unit filename="libraries/AP_Airspeed/AP_Airspeed_analog.h" />
		<Unit filename="libraries/AP_Airspeed/Airspeed_Calibration.cpp" />
		<Unit filename="libraries/AP_Airspeed/examples/Airspeed/Airspeed.cpp" />
		<Unit filename="libraries/AP_Arming/AP_Arming.cpp" />
		<Unit filename="libraries/AP_Arming/AP_Arming.h" />
		<Unit filename="libraries/AP_Avoidance/AP_Avoidance.cpp" />
		<Unit filename="libraries/AP_Avoidance/AP_Avoidance.h" />
		<Unit filename="libraries/AP_Baro/AP_Baro.cpp" />
		<Unit filename="libraries/AP_Baro/AP_Baro.h" />
		<Unit filename="libraries/AP_Baro/AP_Baro_BMP085.cpp" />
		<Unit filename="libraries/AP_Baro/AP_Baro_BMP085.h" />
		<Unit filename="libraries/AP_Baro/AP_Baro_BMP280.cpp" />
		<Unit filename="libraries/AP_Baro/AP_Baro_BMP280.h" />
		<Unit filename="libraries/AP_Baro/AP_Baro_Backend.cpp" />
		<Unit filename="libraries/AP_Baro/AP_Baro_Backend.h" />
		<Unit filename="libraries/AP_Baro/AP_Baro_HIL.cpp" />
		<Unit filename="libraries/AP_Baro/AP_Baro_HIL.h" />
		<Unit filename="libraries/AP_Baro/AP_Baro_MS5611.cpp" />
		<Unit filename="libraries/AP_Baro/AP_Baro_MS5611.h" />
		<Unit filename="libraries/AP_Baro/AP_Baro_QURT.cpp" />
		<Unit filename="libraries/AP_Baro/AP_Baro_QURT.h" />
		<Unit filename="libraries/AP_Baro/AP_Baro_UAVCAN.cpp" />
		<Unit filename="libraries/AP_Baro/AP_Baro_UAVCAN.h" />
		<Unit filename="libraries/AP_Baro/AP_Baro_qflight.cpp" />
		<Unit filename="libraries/AP_Baro/AP_Baro_qflight.h" />
		<Unit filename="libraries/AP_Baro/examples/BARO_generic/BARO_generic.cpp" />
		<Unit filename="libraries/AP_BattMonitor/AP_BattMonitor.cpp" />
		<Unit filename="libraries/AP_BattMonitor/AP_BattMonitor.h" />
		<Unit filename="libraries/AP_BattMonitor/AP_BattMonitor_Analog.cpp" />
		<Unit filename="libraries/AP_BattMonitor/AP_BattMonitor_Analog.h" />
		<Unit filename="libraries/AP_BattMonitor/AP_BattMonitor_Backend.cpp" />
		<Unit filename="libraries/AP_BattMonitor/AP_BattMonitor_Backend.h" />
		<Unit filename="libraries/AP_BattMonitor/AP_BattMonitor_Bebop.cpp" />
		<Unit filename="libraries/AP_BattMonitor/AP_BattMonitor_Bebop.h" />
		<Unit filename="libraries/AP_BattMonitor/AP_BattMonitor_SMBus.h" />
		<Unit filename="libraries/AP_BattMonitor/AP_BattMonitor_SMBus_Maxell.cpp" />
		<Unit filename="libraries/AP_BattMonitor/AP_BattMonitor_SMBus_Maxell.h" />
		<Unit filename="libraries/AP_BattMonitor/AP_BattMonitor_SMBus_Solo.cpp" />
		<Unit filename="libraries/AP_BattMonitor/AP_BattMonitor_SMBus_Solo.h" />
		<Unit filename="libraries/AP_BattMonitor/examples/AP_BattMonitor_test/AP_BattMonitor_test.cpp" />
		<Unit filename="libraries/AP_Beacon/AP_Beacon.cpp" />
		<Unit filename="libraries/AP_Beacon/AP_Beacon.h" />
		<Unit filename="libraries/AP_Beacon/AP_Beacon_Backend.cpp" />
		<Unit filename="libraries/AP_Beacon/AP_Beacon_Backend.h" />
		<Unit filename="libraries/AP_Beacon/AP_Beacon_Pozyx.cpp" />
		<Unit filename="libraries/AP_Beacon/AP_Beacon_Pozyx.h" />
		<Unit filename="libraries/AP_Beacon/AP_Beacon_SITL.cpp" />
		<Unit filename="libraries/AP_Beacon/AP_Beacon_SITL.h" />
		<Unit filename="libraries/AP_BoardConfig/AP_BoardConfig.cpp" />
		<Unit filename="libraries/AP_BoardConfig/AP_BoardConfig.h" />
		<Unit filename="libraries/AP_BoardConfig/canbus.cpp" />
		<Unit filename="libraries/AP_BoardConfig/px4_drivers.cpp" />
		<Unit filename="libraries/AP_Buffer/AP_Buffer.h" />
		<Unit filename="libraries/AP_Button/AP_Button.cpp" />
		<Unit filename="libraries/AP_Button/AP_Button.h" />
		<Unit filename="libraries/AP_Camera/AP_Camera.cpp" />
		<Unit filename="libraries/AP_Camera/AP_Camera.h" />
		<Unit filename="libraries/AP_Common/AP_Common.cpp" />
		<Unit filename="libraries/AP_Common/AP_Common.h" />
		<Unit filename="libraries/AP_Common/AP_Test.h" />
		<Unit filename="libraries/AP_Common/Bitmask.h" />
		<Unit filename="libraries/AP_Common/Location.cpp" />
		<Unit filename="libraries/AP_Common/Location.h" />
		<Unit filename="libraries/AP_Common/c++.cpp" />
		<Unit filename="libraries/AP_Common/examples/AP_Common/AP_Common.cpp" />
		<Unit filename="libraries/AP_Common/missing/ap_version.h" />
		<Unit filename="libraries/AP_Common/missing/byteswap.h" />
		<Unit filename="libraries/AP_Common/missing/endian.h" />
		<Unit filename="libraries/AP_Common/missing/fcntl.h" />
		<Unit filename="libraries/AP_Common/missing/fenv.h" />
		<Unit filename="libraries/AP_Common/missing/sys/epoll.h" />
		<Unit filename="libraries/AP_Compass/AP_Compass.cpp" />
		<Unit filename="libraries/AP_Compass/AP_Compass.h" />
		<Unit filename="libraries/AP_Compass/AP_Compass_AK09916.cpp" />
		<Unit filename="libraries/AP_Compass/AP_Compass_AK09916.h" />
		<Unit filename="libraries/AP_Compass/AP_Compass_AK8963.cpp" />
		<Unit filename="libraries/AP_Compass/AP_Compass_AK8963.h" />
		<Unit filename="libraries/AP_Compass/AP_Compass_BMM150.cpp" />
		<Unit filename="libraries/AP_Compass/AP_Compass_BMM150.h" />
		<Unit filename="libraries/AP_Compass/AP_Compass_Backend.cpp" />
		<Unit filename="libraries/AP_Compass/AP_Compass_Backend.h" />
		<Unit filename="libraries/AP_Compass/AP_Compass_Calibration.cpp" />
		<Unit filename="libraries/AP_Compass/AP_Compass_HIL.cpp" />
		<Unit filename="libraries/AP_Compass/AP_Compass_HIL.h" />
		<Unit filename="libraries/AP_Compass/AP_Compass_HMC5843.cpp" />
		<Unit filename="libraries/AP_Compass/AP_Compass_HMC5843.h" />
		<Unit filename="libraries/AP_Compass/AP_Compass_IST8310.cpp" />
		<Unit filename="libraries/AP_Compass/AP_Compass_IST8310.h" />
		<Unit filename="libraries/AP_Compass/AP_Compass_LIS3MDL.cpp" />
		<Unit filename="libraries/AP_Compass/AP_Compass_LIS3MDL.h" />
		<Unit filename="libraries/AP_Compass/AP_Compass_LSM303D.cpp" />
		<Unit filename="libraries/AP_Compass/AP_Compass_LSM303D.h" />
		<Unit filename="libraries/AP_Compass/AP_Compass_LSM9DS1.cpp" />
		<Unit filename="libraries/AP_Compass/AP_Compass_LSM9DS1.h" />
		<Unit filename="libraries/AP_Compass/AP_Compass_QURT.cpp" />
		<Unit filename="libraries/AP_Compass/AP_Compass_QURT.h" />
		<Unit filename="libraries/AP_Compass/AP_Compass_UAVCAN.cpp" />
		<Unit filename="libraries/AP_Compass/AP_Compass_UAVCAN.h" />
		<Unit filename="libraries/AP_Compass/AP_Compass_qflight.cpp" />
		<Unit filename="libraries/AP_Compass/AP_Compass_qflight.h" />
		<Unit filename="libraries/AP_Compass/CompassCalibrator.cpp" />
		<Unit filename="libraries/AP_Compass/CompassCalibrator.h" />
		<Unit filename="libraries/AP_Compass/Compass_learn.cpp" />
		<Unit filename="libraries/AP_Compass/examples/AP_Compass_test/AP_Compass_test.cpp" />
		<Unit filename="libraries/AP_Declination/AP_Declination.cpp" />
		<Unit filename="libraries/AP_Declination/AP_Declination.h" />
		<Unit filename="libraries/AP_Declination/examples/AP_Declination_test/AP_Declination_test.cpp" />
		<Unit filename="libraries/AP_FlashStorage/AP_FlashStorage.cpp" />
		<Unit filename="libraries/AP_FlashStorage/AP_FlashStorage.h" />
		<Unit filename="libraries/AP_FlashStorage/examples/FlashTest/FlashTest.cpp" />
		<Unit filename="libraries/AP_Frsky_Telem/AP_Frsky_Telem.cpp" />
		<Unit filename="libraries/AP_Frsky_Telem/AP_Frsky_Telem.h" />
		<Unit filename="libraries/AP_GPS/AP_GPS.cpp" />
		<Unit filename="libraries/AP_GPS/AP_GPS.h" />
		<Unit filename="libraries/AP_GPS/AP_GPS_ERB.cpp" />
		<Unit filename="libraries/AP_GPS/AP_GPS_ERB.h" />
		<Unit filename="libraries/AP_GPS/AP_GPS_GSOF.cpp" />
		<Unit filename="libraries/AP_GPS/AP_GPS_GSOF.h" />
		<Unit filename="libraries/AP_GPS/AP_GPS_MAV.cpp" />
		<Unit filename="libraries/AP_GPS/AP_GPS_MAV.h" />
		<Unit filename="libraries/AP_GPS/AP_GPS_MTK.cpp" />
		<Unit filename="libraries/AP_GPS/AP_GPS_MTK.h" />
		<Unit filename="libraries/AP_GPS/AP_GPS_MTK19.cpp" />
		<Unit filename="libraries/AP_GPS/AP_GPS_MTK19.h" />
		<Unit filename="libraries/AP_GPS/AP_GPS_MTK_Common.h" />
		<Unit filename="libraries/AP_GPS/AP_GPS_NMEA.cpp" />
		<Unit filename="libraries/AP_GPS/AP_GPS_NMEA.h" />
		<Unit filename="libraries/AP_GPS/AP_GPS_NOVA.cpp" />
		<Unit filename="libraries/AP_GPS/AP_GPS_NOVA.h" />
		<Unit filename="libraries/AP_GPS/AP_GPS_QURT.cpp" />
		<Unit filename="libraries/AP_GPS/AP_GPS_QURT.h" />
		<Unit filename="libraries/AP_GPS/AP_GPS_SBF.cpp" />
		<Unit filename="libraries/AP_GPS/AP_GPS_SBF.h" />
		<Unit filename="libraries/AP_GPS/AP_GPS_SBP.cpp" />
		<Unit filename="libraries/AP_GPS/AP_GPS_SBP.h" />
		<Unit filename="libraries/AP_GPS/AP_GPS_SBP2.cpp" />
		<Unit filename="libraries/AP_GPS/AP_GPS_SBP2.h" />
		<Unit filename="libraries/AP_GPS/AP_GPS_SIRF.cpp" />
		<Unit filename="libraries/AP_GPS/AP_GPS_SIRF.h" />
		<Unit filename="libraries/AP_GPS/AP_GPS_UAVCAN.cpp" />
		<Unit filename="libraries/AP_GPS/AP_GPS_UAVCAN.h" />
		<Unit filename="libraries/AP_GPS/AP_GPS_UBLOX.cpp" />
		<Unit filename="libraries/AP_GPS/AP_GPS_UBLOX.h" />
		<Unit filename="libraries/AP_GPS/GPS_Backend.cpp" />
		<Unit filename="libraries/AP_GPS/GPS_Backend.h" />
		<Unit filename="libraries/AP_GPS/GPS_detect_state.h" />
		<Unit filename="libraries/AP_GPS/examples/GPS_AUTO_test/GPS_AUTO_test.cpp" />
		<Unit filename="libraries/AP_GPS/examples/GPS_UBLOX_passthrough/GPS_UBLOX_passthrough.cpp" />
		<Unit filename="libraries/AP_GPS/tests/test_gps.cpp" />
		<Unit filename="libraries/AP_Gripper/AP_Gripper.cpp" />
		<Unit filename="libraries/AP_Gripper/AP_Gripper.h" />
		<Unit filename="libraries/AP_Gripper/AP_Gripper_Backend.cpp" />
		<Unit filename="libraries/AP_Gripper/AP_Gripper_Backend.h" />
		<Unit filename="libraries/AP_Gripper/AP_Gripper_EPM.cpp" />
		<Unit filename="libraries/AP_Gripper/AP_Gripper_EPM.h" />
		<Unit filename="libraries/AP_Gripper/AP_Gripper_Servo.cpp" />
		<Unit filename="libraries/AP_Gripper/AP_Gripper_Servo.h" />
		<Unit filename="libraries/AP_HAL/AP_HAL.h" />
		<Unit filename="libraries/AP_HAL/AP_HAL_Boards.h" />
		<Unit filename="libraries/AP_HAL/AP_HAL_Macros.h" />
		<Unit filename="libraries/AP_HAL/AP_HAL_Main.h" />
		<Unit filename="libraries/AP_HAL/AP_HAL_Namespace.h" />
		<Unit filename="libraries/AP_HAL/AnalogIn.h" />
		<Unit filename="libraries/AP_HAL/CAN.h" />
		<Unit filename="libraries/AP_HAL/Device.cpp" />
		<Unit filename="libraries/AP_HAL/Device.h" />
		<Unit filename="libraries/AP_HAL/GPIO.h" />
		<Unit filename="libraries/AP_HAL/HAL.cpp" />
		<Unit filename="libraries/AP_HAL/HAL.h" />
		<Unit filename="libraries/AP_HAL/I2CDevice.h" />
		<Unit filename="libraries/AP_HAL/OpticalFlow.h" />
		<Unit filename="libraries/AP_HAL/RCInput.h" />
		<Unit filename="libraries/AP_HAL/RCOutput.h" />
		<Unit filename="libraries/AP_HAL/SPIDevice.h" />
		<Unit filename="libraries/AP_HAL/Scheduler.h" />
		<Unit filename="libraries/AP_HAL/Semaphores.h" />
		<Unit filename="libraries/AP_HAL/Storage.h" />
		<Unit filename="libraries/AP_HAL/UARTDriver.cpp" />
		<Unit filename="libraries/AP_HAL/UARTDriver.h" />
		<Unit filename="libraries/AP_HAL/Util.cpp" />
		<Unit filename="libraries/AP_HAL/Util.h" />
		<Unit filename="libraries/AP_HAL/board/empty.h" />
		<Unit filename="libraries/AP_HAL/board/linux.h" />
		<Unit filename="libraries/AP_HAL/board/px4.h" />
		<Unit filename="libraries/AP_HAL/board/qurt.h" />
		<Unit filename="libraries/AP_HAL/board/sitl.h" />
		<Unit filename="libraries/AP_HAL/board/vrbrain.h" />
		<Unit filename="libraries/AP_HAL/examples/AnalogIn/AnalogIn.cpp" />
		<Unit filename="libraries/AP_HAL/examples/Printf/Printf.cpp" />
		<Unit filename="libraries/AP_HAL/examples/RCInput/RCInput.cpp" />
		<Unit filename="libraries/AP_HAL/examples/RCInputToRCOutput/RCInputToRCOutput.cpp" />
		<Unit filename="libraries/AP_HAL/examples/RCOutput/RCOutput.cpp" />
		<Unit filename="libraries/AP_HAL/examples/RCOutput2/RCOutput.cpp" />
		<Unit filename="libraries/AP_HAL/examples/Storage/Storage.cpp" />
		<Unit filename="libraries/AP_HAL/examples/UART_test/UART_test.cpp" />
		<Unit filename="libraries/AP_HAL/system.h" />
		<Unit filename="libraries/AP_HAL/utility/BetterStream.h" />
		<Unit filename="libraries/AP_HAL/utility/OwnPtr.h" />
		<Unit filename="libraries/AP_HAL/utility/Print.cpp" />
		<Unit filename="libraries/AP_HAL/utility/Print.h" />
		<Unit filename="libraries/AP_HAL/utility/RingBuffer.cpp" />
		<Unit filename="libraries/AP_HAL/utility/RingBuffer.h" />
		<Unit filename="libraries/AP_HAL/utility/Socket.cpp" />
		<Unit filename="libraries/AP_HAL/utility/Socket.h" />
		<Unit filename="libraries/AP_HAL/utility/Stream.h" />
		<Unit filename="libraries/AP_HAL/utility/dsm.cpp" />
		<Unit filename="libraries/AP_HAL/utility/dsm.h" />
		<Unit filename="libraries/AP_HAL/utility/ftoa_engine.cpp" />
		<Unit filename="libraries/AP_HAL/utility/ftoa_engine.h" />
		<Unit filename="libraries/AP_HAL/utility/functor.h" />
		<Unit filename="libraries/AP_HAL/utility/getopt_cpp.cpp" />
		<Unit filename="libraries/AP_HAL/utility/getopt_cpp.h" />
		<Unit filename="libraries/AP_HAL/utility/print_vprintf.cpp" />
		<Unit filename="libraries/AP_HAL/utility/print_vprintf.h" />
		<Unit filename="libraries/AP_HAL/utility/sparse-endian.h" />
		<Unit filename="libraries/AP_HAL/utility/srxl.cpp" />
		<Unit filename="libraries/AP_HAL/utility/srxl.h" />
		<Unit filename="libraries/AP_HAL/utility/st24.cpp" />
		<Unit filename="libraries/AP_HAL/utility/st24.h" />
		<Unit filename="libraries/AP_HAL/utility/sumd.cpp" />
		<Unit filename="libraries/AP_HAL/utility/sumd.h" />
		<Unit filename="libraries/AP_HAL/utility/tests/test_own_ptr.cpp" />
		<Unit filename="libraries/AP_HAL/utility/utoa_invert.cpp" />
		<Unit filename="libraries/AP_HAL/utility/xtoa_fast.h" />
		<Unit filename="libraries/AP_HAL_Empty/AP_HAL_Empty.h" />
		<Unit filename="libraries/AP_HAL_Empty/AP_HAL_Empty_Namespace.h" />
		<Unit filename="libraries/AP_HAL_Empty/AP_HAL_Empty_Private.h" />
		<Unit filename="libraries/AP_HAL_Empty/AnalogIn.cpp" />
		<Unit filename="libraries/AP_HAL_Empty/AnalogIn.h" />
		<Unit filename="libraries/AP_HAL_Empty/GPIO.cpp" />
		<Unit filename="libraries/AP_HAL_Empty/GPIO.h" />
		<Unit filename="libraries/AP_HAL_Empty/HAL_Empty_Class.cpp" />
		<Unit filename="libraries/AP_HAL_Empty/HAL_Empty_Class.h" />
		<Unit filename="libraries/AP_HAL_Empty/I2CDevice.h" />
		<Unit filename="libraries/AP_HAL_Empty/OpticalFlow.h" />
		<Unit filename="libraries/AP_HAL_Empty/PrivateMember.cpp" />
		<Unit filename="libraries/AP_HAL_Empty/PrivateMember.h" />
		<Unit filename="libraries/AP_HAL_Empty/RCInput.cpp" />
		<Unit filename="libraries/AP_HAL_Empty/RCInput.h" />
		<Unit filename="libraries/AP_HAL_Empty/RCOutput.cpp" />
		<Unit filename="libraries/AP_HAL_Empty/RCOutput.h" />
		<Unit filename="libraries/AP_HAL_Empty/SPIDevice.h" />
		<Unit filename="libraries/AP_HAL_Empty/Scheduler.cpp" />
		<Unit filename="libraries/AP_HAL_Empty/Scheduler.h" />
		<Unit filename="libraries/AP_HAL_Empty/Semaphores.cpp" />
		<Unit filename="libraries/AP_HAL_Empty/Semaphores.h" />
		<Unit filename="libraries/AP_HAL_Empty/Storage.cpp" />
		<Unit filename="libraries/AP_HAL_Empty/Storage.h" />
		<Unit filename="libraries/AP_HAL_Empty/UARTDriver.cpp" />
		<Unit filename="libraries/AP_HAL_Empty/UARTDriver.h" />
		<Unit filename="libraries/AP_HAL_Empty/Util.h" />
		<Unit filename="libraries/AP_HAL_Linux/AP_HAL_Linux.h" />
		<Unit filename="libraries/AP_HAL_Linux/AnalogIn_ADS1115.cpp" />
		<Unit filename="libraries/AP_HAL_Linux/AnalogIn_ADS1115.h" />
		<Unit filename="libraries/AP_HAL_Linux/AnalogIn_IIO.cpp" />
		<Unit filename="libraries/AP_HAL_Linux/AnalogIn_IIO.h" />
		<Unit filename="libraries/AP_HAL_Linux/AnalogIn_Navio2.cpp" />
		<Unit filename="libraries/AP_HAL_Linux/AnalogIn_Navio2.h" />
		<Unit filename="libraries/AP_HAL_Linux/AnalogIn_Raspilot.cpp" />
		<Unit filename="libraries/AP_HAL_Linux/AnalogIn_Raspilot.h" />
		<Unit filename="libraries/AP_HAL_Linux/CameraSensor.cpp" />
		<Unit filename="libraries/AP_HAL_Linux/CameraSensor.h" />
		<Unit filename="libraries/AP_HAL_Linux/CameraSensor_Mt9v117.cpp" />
		<Unit filename="libraries/AP_HAL_Linux/CameraSensor_Mt9v117.h" />
		<Unit filename="libraries/AP_HAL_Linux/CameraSensor_Mt9v117_Patches.cpp" />
		<Unit filename="libraries/AP_HAL_Linux/ConsoleDevice.cpp" />
		<Unit filename="libraries/AP_HAL_Linux/ConsoleDevice.h" />
		<Unit filename="libraries/AP_HAL_Linux/Flow_PX4.cpp" />
		<Unit filename="libraries/AP_HAL_Linux/Flow_PX4.h" />
		<Unit filename="libraries/AP_HAL_Linux/GPIO.cpp" />
		<Unit filename="libraries/AP_HAL_Linux/GPIO.h" />
		<Unit filename="libraries/AP_HAL_Linux/GPIO_Aero.cpp" />
		<Unit filename="libraries/AP_HAL_Linux/GPIO_Aero.h" />
		<Unit filename="libraries/AP_HAL_Linux/GPIO_BBB.cpp" />
		<Unit filename="libraries/AP_HAL_Linux/GPIO_BBB.h" />
		<Unit filename="libraries/AP_HAL_Linux/GPIO_Bebop.cpp" />
		<Unit filename="libraries/AP_HAL_Linux/GPIO_Bebop.h" />
		<Unit filename="libraries/AP_HAL_Linux/GPIO_Disco.cpp" />
		<Unit filename="libraries/AP_HAL_Linux/GPIO_Disco.h" />
		<Unit filename="libraries/AP_HAL_Linux/GPIO_Minnow.cpp" />
		<Unit filename="libraries/AP_HAL_Linux/GPIO_Minnow.h" />
		<Unit filename="libraries/AP_HAL_Linux/GPIO_RPI.cpp" />
		<Unit filename="libraries/AP_HAL_Linux/GPIO_RPI.h" />
		<Unit filename="libraries/AP_HAL_Linux/GPIO_Sysfs.cpp" />
		<Unit filename="libraries/AP_HAL_Linux/GPIO_Sysfs.h" />
		<Unit filename="libraries/AP_HAL_Linux/HAL_Linux_Class.cpp" />
		<Unit filename="libraries/AP_HAL_Linux/HAL_Linux_Class.h" />
		<Unit filename="libraries/AP_HAL_Linux/Heat.h" />
		<Unit filename="libraries/AP_HAL_Linux/Heat_Pwm.cpp" />
		<Unit filename="libraries/AP_HAL_Linux/Heat_Pwm.h" />
		<Unit filename="libraries/AP_HAL_Linux/I2CDevice.cpp" />
		<Unit filename="libraries/AP_HAL_Linux/I2CDevice.h" />
		<Unit filename="libraries/AP_HAL_Linux/Led_Sysfs.cpp" />
		<Unit filename="libraries/AP_HAL_Linux/Led_Sysfs.h" />
		<Unit filename="libraries/AP_HAL_Linux/OpticalFlow_Onboard.cpp" />
		<Unit filename="libraries/AP_HAL_Linux/OpticalFlow_Onboard.h" />
		<Unit filename="libraries/AP_HAL_Linux/PWM_Sysfs.cpp" />
		<Unit filename="libraries/AP_HAL_Linux/PWM_Sysfs.h" />
		<Unit filename="libraries/AP_HAL_Linux/Perf.cpp" />
		<Unit filename="libraries/AP_HAL_Linux/Perf.h" />
		<Unit filename="libraries/AP_HAL_Linux/Perf_Lttng.cpp" />
		<Unit filename="libraries/AP_HAL_Linux/Perf_Lttng.h" />
		<Unit filename="libraries/AP_HAL_Linux/Perf_Lttng_TracePoints.h" />
		<Unit filename="libraries/AP_HAL_Linux/Poller.cpp" />
		<Unit filename="libraries/AP_HAL_Linux/Poller.h" />
		<Unit filename="libraries/AP_HAL_Linux/PollerThread.cpp" />
		<Unit filename="libraries/AP_HAL_Linux/PollerThread.h" />
		<Unit filename="libraries/AP_HAL_Linux/RCInput.cpp" />
		<Unit filename="libraries/AP_HAL_Linux/RCInput.h" />
		<Unit filename="libraries/AP_HAL_Linux/RCInput_115200.cpp" />
		<Unit filename="libraries/AP_HAL_Linux/RCInput_115200.h" />
		<Unit filename="libraries/AP_HAL_Linux/RCInput_AioPRU.cpp" />
		<Unit filename="libraries/AP_HAL_Linux/RCInput_AioPRU.h" />
		<Unit filename="libraries/AP_HAL_Linux/RCInput_DSM.cpp" />
		<Unit filename="libraries/AP_HAL_Linux/RCInput_DSM.h" />
		<Unit filename="libraries/AP_HAL_Linux/RCInput_Multi.cpp" />
		<Unit filename="libraries/AP_HAL_Linux/RCInput_Multi.h" />
		<Unit filename="libraries/AP_HAL_Linux/RCInput_Navio2.cpp" />
		<Unit filename="libraries/AP_HAL_Linux/RCInput_Navio2.h" />
		<Unit filename="libraries/AP_HAL_Linux/RCInput_PRU.cpp" />
		<Unit filename="libraries/AP_HAL_Linux/RCInput_PRU.h" />
		<Unit filename="libraries/AP_HAL_Linux/RCInput_RPI.cpp" />
		<Unit filename="libraries/AP_HAL_Linux/RCInput_RPI.h" />
		<Unit filename="libraries/AP_HAL_Linux/RCInput_Raspilot.cpp" />
		<Unit filename="libraries/AP_HAL_Linux/RCInput_Raspilot.h" />
		<Unit filename="libraries/AP_HAL_Linux/RCInput_SBUS.cpp" />
		<Unit filename="libraries/AP_HAL_Linux/RCInput_SBUS.h" />
		<Unit filename="libraries/AP_HAL_Linux/RCInput_UART.cpp" />
		<Unit filename="libraries/AP_HAL_Linux/RCInput_UART.h" />
		<Unit filename="libraries/AP_HAL_Linux/RCInput_UDP.cpp" />
		<Unit filename="libraries/AP_HAL_Linux/RCInput_UDP.h" />
		<Unit filename="libraries/AP_HAL_Linux/RCInput_UDP_Protocol.h" />
		<Unit filename="libraries/AP_HAL_Linux/RCInput_ZYNQ.cpp" />
		<Unit filename="libraries/AP_HAL_Linux/RCInput_ZYNQ.h" />
		<Unit filename="libraries/AP_HAL_Linux/RCOutput_AeroIO.cpp" />
		<Unit filename="libraries/AP_HAL_Linux/RCOutput_AeroIO.h" />
		<Unit filename="libraries/AP_HAL_Linux/RCOutput_AioPRU.cpp" />
		<Unit filename="libraries/AP_HAL_Linux/RCOutput_AioPRU.h" />
		<Unit filename="libraries/AP_HAL_Linux/RCOutput_Bebop.cpp" />
		<Unit filename="libraries/AP_HAL_Linux/RCOutput_Bebop.h" />
		<Unit filename="libraries/AP_HAL_Linux/RCOutput_Disco.cpp" />
		<Unit filename="libraries/AP_HAL_Linux/RCOutput_Disco.h" />
		<Unit filename="libraries/AP_HAL_Linux/RCOutput_PCA9685.cpp" />
		<Unit filename="libraries/AP_HAL_Linux/RCOutput_PCA9685.h" />
		<Unit filename="libraries/AP_HAL_Linux/RCOutput_PRU.cpp" />
		<Unit filename="libraries/AP_HAL_Linux/RCOutput_PRU.h" />
		<Unit filename="libraries/AP_HAL_Linux/RCOutput_Raspilot.cpp" />
		<Unit filename="libraries/AP_HAL_Linux/RCOutput_Raspilot.h" />
		<Unit filename="libraries/AP_HAL_Linux/RCOutput_Sysfs.cpp" />
		<Unit filename="libraries/AP_HAL_Linux/RCOutput_Sysfs.h" />
		<Unit filename="libraries/AP_HAL_Linux/RCOutput_ZYNQ.cpp" />
		<Unit filename="libraries/AP_HAL_Linux/RCOutput_ZYNQ.h" />
		<Unit filename="libraries/AP_HAL_Linux/RCOutput_qflight.cpp" />
		<Unit filename="libraries/AP_HAL_Linux/RCOutput_qflight.h" />
		<Unit filename="libraries/AP_HAL_Linux/RPIOUARTDriver.cpp" />
		<Unit filename="libraries/AP_HAL_Linux/RPIOUARTDriver.h" />
		<Unit filename="libraries/AP_HAL_Linux/SPIDevice.cpp" />
		<Unit filename="libraries/AP_HAL_Linux/SPIDevice.h" />
		<Unit filename="libraries/AP_HAL_Linux/SPIUARTDriver.cpp" />
		<Unit filename="libraries/AP_HAL_Linux/SPIUARTDriver.h" />
		<Unit filename="libraries/AP_HAL_Linux/Scheduler.cpp" />
		<Unit filename="libraries/AP_HAL_Linux/Scheduler.h" />
		<Unit filename="libraries/AP_HAL_Linux/Semaphores.cpp" />
		<Unit filename="libraries/AP_HAL_Linux/Semaphores.h" />
		<Unit filename="libraries/AP_HAL_Linux/SerialDevice.h" />
		<Unit filename="libraries/AP_HAL_Linux/Storage.cpp" />
		<Unit filename="libraries/AP_HAL_Linux/Storage.h" />
		<Unit filename="libraries/AP_HAL_Linux/TCPServerDevice.cpp" />
		<Unit filename="libraries/AP_HAL_Linux/TCPServerDevice.h" />
		<Unit filename="libraries/AP_HAL_Linux/Thread.cpp" />
		<Unit filename="libraries/AP_HAL_Linux/Thread.h" />
		<Unit filename="libraries/AP_HAL_Linux/ToneAlarm.cpp" />
		<Unit filename="libraries/AP_HAL_Linux/ToneAlarm.h" />
		<Unit filename="libraries/AP_HAL_Linux/ToneAlarm_Disco.cpp" />
		<Unit filename="libraries/AP_HAL_Linux/ToneAlarm_Disco.h" />
		<Unit filename="libraries/AP_HAL_Linux/ToneAlarm_Raspilot.cpp" />
		<Unit filename="libraries/AP_HAL_Linux/ToneAlarm_Raspilot.h" />
		<Unit filename="libraries/AP_HAL_Linux/UARTDevice.cpp" />
		<Unit filename="libraries/AP_HAL_Linux/UARTDevice.h" />
		<Unit filename="libraries/AP_HAL_Linux/UARTDriver.cpp" />
		<Unit filename="libraries/AP_HAL_Linux/UARTDriver.h" />
		<Unit filename="libraries/AP_HAL_Linux/UARTQFlight.cpp" />
		<Unit filename="libraries/AP_HAL_Linux/UARTQFlight.h" />
		<Unit filename="libraries/AP_HAL_Linux/UDPDevice.cpp" />
		<Unit filename="libraries/AP_HAL_Linux/UDPDevice.h" />
		<Unit filename="libraries/AP_HAL_Linux/Util.cpp" />
		<Unit filename="libraries/AP_HAL_Linux/Util.h" />
		<Unit filename="libraries/AP_HAL_Linux/Util_RPI.cpp" />
		<Unit filename="libraries/AP_HAL_Linux/Util_RPI.h" />
		<Unit filename="libraries/AP_HAL_Linux/VideoIn.cpp" />
		<Unit filename="libraries/AP_HAL_Linux/VideoIn.h" />
		<Unit filename="libraries/AP_HAL_Linux/benchmarks/benchmark_videoin.cpp" />
		<Unit filename="libraries/AP_HAL_Linux/examples/BusTest/BusTest.cpp" />
		<Unit filename="libraries/AP_HAL_Linux/examples/GPIOTest/GPIOTest.cpp" />
		<Unit filename="libraries/AP_HAL_Linux/px4io_protocol.h" />
		<Unit filename="libraries/AP_HAL_Linux/qflight/dsp_functions.cpp" />
		<Unit filename="libraries/AP_HAL_Linux/qflight/qflight_buffer.h" />
		<Unit filename="libraries/AP_HAL_Linux/qflight/qflight_util.h" />
		<Unit filename="libraries/AP_HAL_Linux/sbus.cpp" />
		<Unit filename="libraries/AP_HAL_Linux/sbus.h" />
		<Unit filename="libraries/AP_HAL_Linux/system.cpp" />
		<Unit filename="libraries/AP_HAL_Linux/tests/test_thread.cpp" />
		<Unit filename="libraries/AP_HAL_PX4/AP_HAL_PX4.h" />
		<Unit filename="libraries/AP_HAL_PX4/AP_HAL_PX4_Namespace.h" />
		<Unit filename="libraries/AP_HAL_PX4/AnalogIn.cpp" />
		<Unit filename="libraries/AP_HAL_PX4/AnalogIn.h" />
		<Unit filename="libraries/AP_HAL_PX4/CAN.cpp" />
		<Unit filename="libraries/AP_HAL_PX4/CAN.h" />
		<Unit filename="libraries/AP_HAL_PX4/Device.cpp" />
		<Unit filename="libraries/AP_HAL_PX4/Device.h" />
		<Unit filename="libraries/AP_HAL_PX4/GPIO.cpp" />
		<Unit filename="libraries/AP_HAL_PX4/GPIO.h" />
		<Unit filename="libraries/AP_HAL_PX4/HAL_PX4_Class.cpp" />
		<Unit filename="libraries/AP_HAL_PX4/HAL_PX4_Class.h" />
		<Unit filename="libraries/AP_HAL_PX4/I2CDevice.cpp" />
		<Unit filename="libraries/AP_HAL_PX4/I2CDevice.h" />
		<Unit filename="libraries/AP_HAL_PX4/I2CWrapper.h" />
		<Unit filename="libraries/AP_HAL_PX4/NSHShellStream.cpp" />
		<Unit filename="libraries/AP_HAL_PX4/RCInput.cpp" />
		<Unit filename="libraries/AP_HAL_PX4/RCInput.h" />
		<Unit filename="libraries/AP_HAL_PX4/RCOutput.cpp" />
		<Unit filename="libraries/AP_HAL_PX4/RCOutput.h" />
		<Unit filename="libraries/AP_HAL_PX4/RCOutput_Tap.cpp" />
		<Unit filename="libraries/AP_HAL_PX4/RCOutput_Tap.h" />
		<Unit filename="libraries/AP_HAL_PX4/SPIDevice.cpp" />
		<Unit filename="libraries/AP_HAL_PX4/SPIDevice.h" />
		<Unit filename="libraries/AP_HAL_PX4/Scheduler.cpp" />
		<Unit filename="libraries/AP_HAL_PX4/Scheduler.h" />
		<Unit filename="libraries/AP_HAL_PX4/Semaphores.cpp" />
		<Unit filename="libraries/AP_HAL_PX4/Semaphores.h" />
		<Unit filename="libraries/AP_HAL_PX4/Storage.cpp" />
		<Unit filename="libraries/AP_HAL_PX4/Storage.h" />
		<Unit filename="libraries/AP_HAL_PX4/UARTDriver.cpp" />
		<Unit filename="libraries/AP_HAL_PX4/UARTDriver.h" />
		<Unit filename="libraries/AP_HAL_PX4/Util.cpp" />
		<Unit filename="libraries/AP_HAL_PX4/Util.h" />
		<Unit filename="libraries/AP_HAL_PX4/bxcan.h" />
		<Unit filename="libraries/AP_HAL_PX4/examples/simple/simple.cpp" />
		<Unit filename="libraries/AP_HAL_PX4/px4_param.cpp" />
		<Unit filename="libraries/AP_HAL_PX4/system.cpp" />
		<Unit filename="libraries/AP_HAL_QURT/AP_HAL_QURT.h" />
		<Unit filename="libraries/AP_HAL_QURT/AP_HAL_QURT_Main.h" />
		<Unit filename="libraries/AP_HAL_QURT/AP_HAL_QURT_Namespace.h" />
		<Unit filename="libraries/AP_HAL_QURT/AP_HAL_QURT_Private.h" />
		<Unit filename="libraries/AP_HAL_QURT/HAL_QURT_Class.cpp" />
		<Unit filename="libraries/AP_HAL_QURT/HAL_QURT_Class.h" />
		<Unit filename="libraries/AP_HAL_QURT/RCInput.cpp" />
		<Unit filename="libraries/AP_HAL_QURT/RCInput.h" />
		<Unit filename="libraries/AP_HAL_QURT/RCOutput.cpp" />
		<Unit filename="libraries/AP_HAL_QURT/RCOutput.h" />
		<Unit filename="libraries/AP_HAL_QURT/Scheduler.cpp" />
		<Unit filename="libraries/AP_HAL_QURT/Scheduler.h" />
		<Unit filename="libraries/AP_HAL_QURT/Semaphores.cpp" />
		<Unit filename="libraries/AP_HAL_QURT/Semaphores.h" />
		<Unit filename="libraries/AP_HAL_QURT/Storage.cpp" />
		<Unit filename="libraries/AP_HAL_QURT/Storage.h" />
		<Unit filename="libraries/AP_HAL_QURT/UARTDriver.cpp" />
		<Unit filename="libraries/AP_HAL_QURT/UARTDriver.h" />
		<Unit filename="libraries/AP_HAL_QURT/UDPDriver.cpp" />
		<Unit filename="libraries/AP_HAL_QURT/UDPDriver.h" />
		<Unit filename="libraries/AP_HAL_QURT/Util.cpp" />
		<Unit filename="libraries/AP_HAL_QURT/Util.h" />
		<Unit filename="libraries/AP_HAL_QURT/dsp_main.cpp" />
		<Unit filename="libraries/AP_HAL_QURT/mainapp/getifaddrs.cpp" />
		<Unit filename="libraries/AP_HAL_QURT/mainapp/mainapp.cpp" />
		<Unit filename="libraries/AP_HAL_QURT/replace.cpp" />
		<Unit filename="libraries/AP_HAL_QURT/replace.h" />
		<Unit filename="libraries/AP_HAL_QURT/system.cpp" />
		<Unit filename="libraries/AP_HAL_SITL/AP_HAL_SITL.h" />
		<Unit filename="libraries/AP_HAL_SITL/AP_HAL_SITL_Namespace.h" />
		<Unit filename="libraries/AP_HAL_SITL/AP_HAL_SITL_Private.h" />
		<Unit filename="libraries/AP_HAL_SITL/AnalogIn.cpp" />
		<Unit filename="libraries/AP_HAL_SITL/AnalogIn.h" />
		<Unit filename="libraries/AP_HAL_SITL/CAN.h" />
		<Unit filename="libraries/AP_HAL_SITL/GPIO.cpp" />
		<Unit filename="libraries/AP_HAL_SITL/GPIO.h" />
		<Unit filename="libraries/AP_HAL_SITL/HAL_SITL_Class.cpp" />
		<Unit filename="libraries/AP_HAL_SITL/HAL_SITL_Class.h" />
		<Unit filename="libraries/AP_HAL_SITL/RCInput.cpp" />
		<Unit filename="libraries/AP_HAL_SITL/RCInput.h" />
		<Unit filename="libraries/AP_HAL_SITL/RCOutput.cpp" />
		<Unit filename="libraries/AP_HAL_SITL/RCOutput.h" />
		<Unit filename="libraries/AP_HAL_SITL/SITL_State.cpp" />
		<Unit filename="libraries/AP_HAL_SITL/SITL_State.h" />
		<Unit filename="libraries/AP_HAL_SITL/SITL_cmdline.cpp" />
		<Unit filename="libraries/AP_HAL_SITL/Scheduler.cpp" />
		<Unit filename="libraries/AP_HAL_SITL/Scheduler.h" />
		<Unit filename="libraries/AP_HAL_SITL/Semaphores.cpp" />
		<Unit filename="libraries/AP_HAL_SITL/Semaphores.h" />
		<Unit filename="libraries/AP_HAL_SITL/Storage.cpp" />
		<Unit filename="libraries/AP_HAL_SITL/Storage.h" />
		<Unit filename="libraries/AP_HAL_SITL/UARTDriver.cpp" />
		<Unit filename="libraries/AP_HAL_SITL/UARTDriver.h" />
		<Unit filename="libraries/AP_HAL_SITL/Util.h" />
		<Unit filename="libraries/AP_HAL_SITL/sitl_barometer.cpp" />
		<Unit filename="libraries/AP_HAL_SITL/sitl_compass.cpp" />
		<Unit filename="libraries/AP_HAL_SITL/sitl_gps.cpp" />
		<Unit filename="libraries/AP_HAL_SITL/sitl_ins.cpp" />
		<Unit filename="libraries/AP_HAL_SITL/system.cpp" />
		<Unit filename="libraries/AP_HAL_VRBRAIN/AP_HAL_VRBRAIN.h" />
		<Unit filename="libraries/AP_HAL_VRBRAIN/AP_HAL_VRBRAIN_Namespace.h" />
		<Unit filename="libraries/AP_HAL_VRBRAIN/AnalogIn.cpp" />
		<Unit filename="libraries/AP_HAL_VRBRAIN/AnalogIn.h" />
		<Unit filename="libraries/AP_HAL_VRBRAIN/GPIO.cpp" />
		<Unit filename="libraries/AP_HAL_VRBRAIN/GPIO.h" />
		<Unit filename="libraries/AP_HAL_VRBRAIN/HAL_VRBRAIN_Class.cpp" />
		<Unit filename="libraries/AP_HAL_VRBRAIN/HAL_VRBRAIN_Class.h" />
		<Unit filename="libraries/AP_HAL_VRBRAIN/I2CDevice.cpp" />
		<Unit filename="libraries/AP_HAL_VRBRAIN/I2CDevice.h" />
		<Unit filename="libraries/AP_HAL_VRBRAIN/I2CWrapper.h" />
		<Unit filename="libraries/AP_HAL_VRBRAIN/NSHShellStream.cpp" />
		<Unit filename="libraries/AP_HAL_VRBRAIN/RCInput.cpp" />
		<Unit filename="libraries/AP_HAL_VRBRAIN/RCInput.h" />
		<Unit filename="libraries/AP_HAL_VRBRAIN/RCOutput.cpp" />
		<Unit filename="libraries/AP_HAL_VRBRAIN/RCOutput.h" />
		<Unit filename="libraries/AP_HAL_VRBRAIN/Scheduler.cpp" />
		<Unit filename="libraries/AP_HAL_VRBRAIN/Scheduler.h" />
		<Unit filename="libraries/AP_HAL_VRBRAIN/Semaphores.cpp" />
		<Unit filename="libraries/AP_HAL_VRBRAIN/Semaphores.h" />
		<Unit filename="libraries/AP_HAL_VRBRAIN/Storage.cpp" />
		<Unit filename="libraries/AP_HAL_VRBRAIN/Storage.h" />
		<Unit filename="libraries/AP_HAL_VRBRAIN/UARTDriver.cpp" />
		<Unit filename="libraries/AP_HAL_VRBRAIN/UARTDriver.h" />
		<Unit filename="libraries/AP_HAL_VRBRAIN/Util.cpp" />
		<Unit filename="libraries/AP_HAL_VRBRAIN/Util.h" />
		<Unit filename="libraries/AP_HAL_VRBRAIN/system.cpp" />
		<Unit filename="libraries/AP_HAL_VRBRAIN/vrbrain_param.cpp" />
		<Unit filename="libraries/AP_ICEngine/AP_ICEngine.cpp" />
		<Unit filename="libraries/AP_ICEngine/AP_ICEngine.h" />
		<Unit filename="libraries/AP_IRLock/AP_IRLock.h" />
		<Unit filename="libraries/AP_IRLock/AP_IRLock_I2C.cpp" />
		<Unit filename="libraries/AP_IRLock/AP_IRLock_I2C.h" />
		<Unit filename="libraries/AP_IRLock/AP_IRLock_SITL.cpp" />
		<Unit filename="libraries/AP_IRLock/AP_IRLock_SITL.h" />
		<Unit filename="libraries/AP_IRLock/IRLock.cpp" />
		<Unit filename="libraries/AP_IRLock/IRLock.h" />
		<Unit filename="libraries/AP_InertialNav/AP_InertialNav.h" />
		<Unit filename="libraries/AP_InertialNav/AP_InertialNav_NavEKF.cpp" />
		<Unit filename="libraries/AP_InertialNav/AP_InertialNav_NavEKF.h" />
		<Unit filename="libraries/AP_InertialSensor/AP_InertialSensor.cpp" />
		<Unit filename="libraries/AP_InertialSensor/AP_InertialSensor.h" />
		<Unit filename="libraries/AP_InertialSensor/AP_InertialSensor_BMI160.cpp" />
		<Unit filename="libraries/AP_InertialSensor/AP_InertialSensor_BMI160.h" />
		<Unit filename="libraries/AP_InertialSensor/AP_InertialSensor_Backend.cpp" />
		<Unit filename="libraries/AP_InertialSensor/AP_InertialSensor_Backend.h" />
		<Unit filename="libraries/AP_InertialSensor/AP_InertialSensor_HIL.cpp" />
		<Unit filename="libraries/AP_InertialSensor/AP_InertialSensor_HIL.h" />
		<Unit filename="libraries/AP_InertialSensor/AP_InertialSensor_Invensense.cpp" />
		<Unit filename="libraries/AP_InertialSensor/AP_InertialSensor_Invensense.h" />
		<Unit filename="libraries/AP_InertialSensor/AP_InertialSensor_L3G4200D.cpp" />
		<Unit filename="libraries/AP_InertialSensor/AP_InertialSensor_L3G4200D.h" />
		<Unit filename="libraries/AP_InertialSensor/AP_InertialSensor_LSM9DS0.cpp" />
		<Unit filename="libraries/AP_InertialSensor/AP_InertialSensor_LSM9DS0.h" />
		<Unit filename="libraries/AP_InertialSensor/AP_InertialSensor_PX4.cpp" />
		<Unit filename="libraries/AP_InertialSensor/AP_InertialSensor_PX4.h" />
		<Unit filename="libraries/AP_InertialSensor/AP_InertialSensor_QURT.cpp" />
		<Unit filename="libraries/AP_InertialSensor/AP_InertialSensor_QURT.h" />
		<Unit filename="libraries/AP_InertialSensor/AP_InertialSensor_SITL.cpp" />
		<Unit filename="libraries/AP_InertialSensor/AP_InertialSensor_SITL.h" />
		<Unit filename="libraries/AP_InertialSensor/AP_InertialSensor_UserInteract.h" />
		<Unit filename="libraries/AP_InertialSensor/AP_InertialSensor_UserInteract_MAVLink.cpp" />
		<Unit filename="libraries/AP_InertialSensor/AP_InertialSensor_UserInteract_MAVLink.h" />
		<Unit filename="libraries/AP_InertialSensor/AP_InertialSensor_UserInteract_Stream.cpp" />
		<Unit filename="libraries/AP_InertialSensor/AP_InertialSensor_UserInteract_Stream.h" />
		<Unit filename="libraries/AP_InertialSensor/AP_InertialSensor_qflight.cpp" />
		<Unit filename="libraries/AP_InertialSensor/AP_InertialSensor_qflight.h" />
		<Unit filename="libraries/AP_InertialSensor/AuxiliaryBus.cpp" />
		<Unit filename="libraries/AP_InertialSensor/AuxiliaryBus.h" />
		<Unit filename="libraries/AP_InertialSensor/examples/INS_generic/INS_generic.cpp" />
		<Unit filename="libraries/AP_InertialSensor/examples/VibTest/VibTest.cpp" />
		<Unit filename="libraries/AP_JSButton/AP_JSButton.cpp" />
		<Unit filename="libraries/AP_JSButton/AP_JSButton.h" />
		<Unit filename="libraries/AP_L1_Control/AP_L1_Control.cpp" />
		<Unit filename="libraries/AP_L1_Control/AP_L1_Control.h" />
		<Unit filename="libraries/AP_Landing/AP_Landing.cpp" />
		<Unit filename="libraries/AP_Landing/AP_Landing.h" />
		<Unit filename="libraries/AP_Landing/AP_Landing_Deepstall.cpp" />
		<Unit filename="libraries/AP_Landing/AP_Landing_Deepstall.h" />
		<Unit filename="libraries/AP_Landing/AP_Landing_Slope.cpp" />
		<Unit filename="libraries/AP_LandingGear/AP_LandingGear.cpp" />
		<Unit filename="libraries/AP_LandingGear/AP_LandingGear.h" />
		<Unit filename="libraries/AP_LeakDetector/AP_LeakDetector.cpp" />
		<Unit filename="libraries/AP_LeakDetector/AP_LeakDetector.h" />
		<Unit filename="libraries/AP_LeakDetector/AP_LeakDetector_Analog.cpp" />
		<Unit filename="libraries/AP_LeakDetector/AP_LeakDetector_Analog.h" />
		<Unit filename="libraries/AP_LeakDetector/AP_LeakDetector_Backend.cpp" />
		<Unit filename="libraries/AP_LeakDetector/AP_LeakDetector_Backend.h" />
		<Unit filename="libraries/AP_LeakDetector/AP_LeakDetector_Digital.cpp" />
		<Unit filename="libraries/AP_LeakDetector/AP_LeakDetector_Digital.h" />
		<Unit filename="libraries/AP_Math/AP_GeodesicGrid.cpp" />
		<Unit filename="libraries/AP_Math/AP_GeodesicGrid.h" />
		<Unit filename="libraries/AP_Math/AP_Math.cpp" />
		<Unit filename="libraries/AP_Math/AP_Math.h" />
		<Unit filename="libraries/AP_Math/benchmarks/benchmark_geodesic_grid.cpp" />
		<Unit filename="libraries/AP_Math/benchmarks/benchmark_matrix.cpp" />
		<Unit filename="libraries/AP_Math/crc.cpp" />
		<Unit filename="libraries/AP_Math/crc.h" />
		<Unit filename="libraries/AP_Math/definitions.h" />
		<Unit filename="libraries/AP_Math/edc.cpp" />
		<Unit filename="libraries/AP_Math/edc.h" />
		<Unit filename="libraries/AP_Math/examples/eulers/eulers.cpp" />
		<Unit filename="libraries/AP_Math/examples/location/location.cpp" />
		<Unit filename="libraries/AP_Math/examples/matrix_alg/matrix_alg.cpp" />
		<Unit filename="libraries/AP_Math/examples/polygon/polygon.cpp" />
		<Unit filename="libraries/AP_Math/examples/rotations/rotations.cpp" />
		<Unit filename="libraries/AP_Math/location.cpp" />
		<Unit filename="libraries/AP_Math/location.h" />
		<Unit filename="libraries/AP_Math/matrix3.cpp" />
		<Unit filename="libraries/AP_Math/matrix3.h" />
		<Unit filename="libraries/AP_Math/matrixN.cpp" />
		<Unit filename="libraries/AP_Math/matrixN.h" />
		<Unit filename="libraries/AP_Math/matrix_alg.cpp" />
		<Unit filename="libraries/AP_Math/polygon.cpp" />
		<Unit filename="libraries/AP_Math/polygon.h" />
		<Unit filename="libraries/AP_Math/quaternion.cpp" />
		<Unit filename="libraries/AP_Math/quaternion.h" />
		<Unit filename="libraries/AP_Math/rotations.h" />
		<Unit filename="libraries/AP_Math/tests/math_test.h" />
		<Unit filename="libraries/AP_Math/tests/test_closest_distance_between_radial_and_point.cpp" />
		<Unit filename="libraries/AP_Math/tests/test_geodesic_grid.cpp" />
		<Unit filename="libraries/AP_Math/tests/test_math.cpp" />
		<Unit filename="libraries/AP_Math/tests/test_matrix3.cpp" />
		<Unit filename="libraries/AP_Math/tests/test_perpendicular.cpp" />
		<Unit filename="libraries/AP_Math/tests/test_vector2.cpp" />
		<Unit filename="libraries/AP_Math/vector2.cpp" />
		<Unit filename="libraries/AP_Math/vector2.h" />
		<Unit filename="libraries/AP_Math/vector3.cpp" />
		<Unit filename="libraries/AP_Math/vector3.h" />
		<Unit filename="libraries/AP_Math/vectorN.h" />
		<Unit filename="libraries/AP_Menu/AP_Menu.cpp" />
		<Unit filename="libraries/AP_Menu/AP_Menu.h" />
		<Unit filename="libraries/AP_Mission/AP_Mission.cpp" />
		<Unit filename="libraries/AP_Mission/AP_Mission.h" />
		<Unit filename="libraries/AP_Mission/examples/AP_Mission_test/AP_Mission_test.cpp" />
		<Unit filename="libraries/AP_Module/AP_Module.cpp" />
		<Unit filename="libraries/AP_Module/AP_Module.h" />
		<Unit filename="libraries/AP_Module/AP_Module_Structures.h" />
		<Unit filename="libraries/AP_Module/examples/ModuleTest/ModuleTest.cpp" />
		<Unit filename="libraries/AP_Module/examples/ModuleTest/module/moduletest.c">
			<Option compilerVar="CC" />
		</Unit>
		<Unit filename="libraries/AP_Motors/AP_Motors.h" />
		<Unit filename="libraries/AP_Motors/AP_Motors6DOF.cpp" />
		<Unit filename="libraries/AP_Motors/AP_Motors6DOF.h" />
		<Unit filename="libraries/AP_Motors/AP_MotorsCoax.cpp" />
		<Unit filename="libraries/AP_Motors/AP_MotorsCoax.h" />
		<Unit filename="libraries/AP_Motors/AP_MotorsHeli.cpp" />
		<Unit filename="libraries/AP_Motors/AP_MotorsHeli.h" />
		<Unit filename="libraries/AP_Motors/AP_MotorsHeli_Dual.cpp" />
		<Unit filename="libraries/AP_Motors/AP_MotorsHeli_Dual.h" />
		<Unit filename="libraries/AP_Motors/AP_MotorsHeli_RSC.cpp" />
		<Unit filename="libraries/AP_Motors/AP_MotorsHeli_RSC.h" />
		<Unit filename="libraries/AP_Motors/AP_MotorsHeli_Single.cpp" />
		<Unit filename="libraries/AP_Motors/AP_MotorsHeli_Single.h" />
		<Unit filename="libraries/AP_Motors/AP_MotorsMatrix.cpp" />
		<Unit filename="libraries/AP_Motors/AP_MotorsMatrix.h" />
		<Unit filename="libraries/AP_Motors/AP_MotorsMulticopter.cpp" />
		<Unit filename="libraries/AP_Motors/AP_MotorsMulticopter.h" />
		<Unit filename="libraries/AP_Motors/AP_MotorsSingle.cpp" />
		<Unit filename="libraries/AP_Motors/AP_MotorsSingle.h" />
		<Unit filename="libraries/AP_Motors/AP_MotorsTailsitter.cpp" />
		<Unit filename="libraries/AP_Motors/AP_MotorsTailsitter.h" />
		<Unit filename="libraries/AP_Motors/AP_MotorsTri.cpp" />
		<Unit filename="libraries/AP_Motors/AP_MotorsTri.h" />
		<Unit filename="libraries/AP_Motors/AP_Motors_Class.cpp" />
		<Unit filename="libraries/AP_Motors/AP_Motors_Class.h" />
		<Unit filename="libraries/AP_Motors/examples/AP_Motors_test/AP_Motors_test.cpp" />
		<Unit filename="libraries/AP_Mount/AP_Mount.cpp" />
		<Unit filename="libraries/AP_Mount/AP_Mount.h" />
		<Unit filename="libraries/AP_Mount/AP_Mount_Alexmos.cpp" />
		<Unit filename="libraries/AP_Mount/AP_Mount_Alexmos.h" />
		<Unit filename="libraries/AP_Mount/AP_Mount_Backend.cpp" />
		<Unit filename="libraries/AP_Mount/AP_Mount_Backend.h" />
		<Unit filename="libraries/AP_Mount/AP_Mount_SToRM32.cpp" />
		<Unit filename="libraries/AP_Mount/AP_Mount_SToRM32.h" />
		<Unit filename="libraries/AP_Mount/AP_Mount_SToRM32_serial.cpp" />
		<Unit filename="libraries/AP_Mount/AP_Mount_SToRM32_serial.h" />
		<Unit filename="libraries/AP_Mount/AP_Mount_Servo.cpp" />
		<Unit filename="libraries/AP_Mount/AP_Mount_Servo.h" />
		<Unit filename="libraries/AP_Mount/AP_Mount_SoloGimbal.cpp" />
		<Unit filename="libraries/AP_Mount/AP_Mount_SoloGimbal.h" />
		<Unit filename="libraries/AP_Mount/SoloGimbal.cpp" />
		<Unit filename="libraries/AP_Mount/SoloGimbal.h" />
		<Unit filename="libraries/AP_Mount/SoloGimbalEKF.cpp" />
		<Unit filename="libraries/AP_Mount/SoloGimbalEKF.h" />
		<Unit filename="libraries/AP_Mount/SoloGimbal_Parameters.cpp" />
		<Unit filename="libraries/AP_Mount/SoloGimbal_Parameters.h" />
		<Unit filename="libraries/AP_Mount/examples/trivial_AP_Mount/trivial_AP_Mount.cpp" />
		<Unit filename="libraries/AP_NavEKF/AP_Nav_Common.h" />
		<Unit filename="libraries/AP_NavEKF/Models/GimbalEstimatorExample/calcF.c">
			<Option compilerVar="CC" />
		</Unit>
		<Unit filename="libraries/AP_NavEKF/Models/GimbalEstimatorExample/calcF.cpp" />
		<Unit filename="libraries/AP_NavEKF/Models/GimbalEstimatorExample/calcH_MAG.c">
			<Option compilerVar="CC" />
		</Unit>
		<Unit filename="libraries/AP_NavEKF/Models/GimbalEstimatorExample/calcH_MAG.cpp" />
		<Unit filename="libraries/AP_NavEKF/Models/GimbalEstimatorExample/calcP.c">
			<Option compilerVar="CC" />
		</Unit>
		<Unit filename="libraries/AP_NavEKF/Models/GimbalEstimatorExample/calcP.cpp" />
		<Unit filename="libraries/AP_NavEKF/Models/GimbalEstimatorExample/calcQ.c">
			<Option compilerVar="CC" />
		</Unit>
		<Unit filename="libraries/AP_NavEKF/Models/GimbalEstimatorExample/calcQ.cpp" />
		<Unit filename="libraries/AP_NavEKF/Models/GimbalEstimatorExample/calcSF.c">
			<Option compilerVar="CC" />
		</Unit>
		<Unit filename="libraries/AP_NavEKF/Models/GimbalEstimatorExample/calcSP.c">
			<Option compilerVar="CC" />
		</Unit>
		<Unit filename="libraries/AP_NavEKF/Models/GimbalEstimatorExample/calcTmn.c">
			<Option compilerVar="CC" />
		</Unit>
		<Unit filename="libraries/AP_NavEKF/Models/GimbalEstimatorExample/calcTms.c">
			<Option compilerVar="CC" />
		</Unit>
		<Unit filename="libraries/AP_NavEKF2/AP_NavEKF2.cpp" />
		<Unit filename="libraries/AP_NavEKF2/AP_NavEKF2.h" />
		<Unit filename="libraries/AP_NavEKF2/AP_NavEKF2_AirDataFusion.cpp" />
		<Unit filename="libraries/AP_NavEKF2/AP_NavEKF2_Buffer.h" />
		<Unit filename="libraries/AP_NavEKF2/AP_NavEKF2_Control.cpp" />
		<Unit filename="libraries/AP_NavEKF2/AP_NavEKF2_MagFusion.cpp" />
		<Unit filename="libraries/AP_NavEKF2/AP_NavEKF2_Measurements.cpp" />
		<Unit filename="libraries/AP_NavEKF2/AP_NavEKF2_OptFlowFusion.cpp" />
		<Unit filename="libraries/AP_NavEKF2/AP_NavEKF2_Outputs.cpp" />
		<Unit filename="libraries/AP_NavEKF2/AP_NavEKF2_PosVelFusion.cpp" />
		<Unit filename="libraries/AP_NavEKF2/AP_NavEKF2_RngBcnFusion.cpp" />
		<Unit filename="libraries/AP_NavEKF2/AP_NavEKF2_VehicleStatus.cpp" />
		<Unit filename="libraries/AP_NavEKF2/AP_NavEKF2_core.cpp" />
		<Unit filename="libraries/AP_NavEKF2/AP_NavEKF2_core.h" />
		<Unit filename="libraries/AP_NavEKF2/AP_NavEKF_GyroBias.cpp" />
		<Unit filename="libraries/AP_NavEKF3/AP_NavEKF3.cpp" />
		<Unit filename="libraries/AP_NavEKF3/AP_NavEKF3.h" />
		<Unit filename="libraries/AP_NavEKF3/AP_NavEKF3_AirDataFusion.cpp" />
		<Unit filename="libraries/AP_NavEKF3/AP_NavEKF3_Buffer.h" />
		<Unit filename="libraries/AP_NavEKF3/AP_NavEKF3_Control.cpp" />
		<Unit filename="libraries/AP_NavEKF3/AP_NavEKF3_GyroBias.cpp" />
		<Unit filename="libraries/AP_NavEKF3/AP_NavEKF3_MagFusion.cpp" />
		<Unit filename="libraries/AP_NavEKF3/AP_NavEKF3_Measurements.cpp" />
		<Unit filename="libraries/AP_NavEKF3/AP_NavEKF3_OptFlowFusion.cpp" />
		<Unit filename="libraries/AP_NavEKF3/AP_NavEKF3_Outputs.cpp" />
		<Unit filename="libraries/AP_NavEKF3/AP_NavEKF3_PosVelFusion.cpp" />
		<Unit filename="libraries/AP_NavEKF3/AP_NavEKF3_RngBcnFusion.cpp" />
		<Unit filename="libraries/AP_NavEKF3/AP_NavEKF3_VehicleStatus.cpp" />
		<Unit filename="libraries/AP_NavEKF3/AP_NavEKF3_core.cpp" />
		<Unit filename="libraries/AP_NavEKF3/AP_NavEKF3_core.h" />
		<Unit filename="libraries/AP_Navigation/AP_Navigation.h" />
		<Unit filename="libraries/AP_Notify/AP_BoardLED.cpp" />
		<Unit filename="libraries/AP_Notify/AP_BoardLED.h" />
		<Unit filename="libraries/AP_Notify/AP_Notify.cpp" />
		<Unit filename="libraries/AP_Notify/AP_Notify.h" />
		<Unit filename="libraries/AP_Notify/Buzzer.cpp" />
		<Unit filename="libraries/AP_Notify/Buzzer.h" />
		<Unit filename="libraries/AP_Notify/DiscoLED.cpp" />
		<Unit filename="libraries/AP_Notify/DiscoLED.h" />
		<Unit filename="libraries/AP_Notify/DiscreteRGBLed.cpp" />
		<Unit filename="libraries/AP_Notify/DiscreteRGBLed.h" />
		<Unit filename="libraries/AP_Notify/Display.cpp" />
		<Unit filename="libraries/AP_Notify/Display.h" />
		<Unit filename="libraries/AP_Notify/Display_Backend.h" />
		<Unit filename="libraries/AP_Notify/Display_SH1106_I2C.cpp" />
		<Unit filename="libraries/AP_Notify/Display_SH1106_I2C.h" />
		<Unit filename="libraries/AP_Notify/Display_SSD1306_I2C.cpp" />
		<Unit filename="libraries/AP_Notify/Display_SSD1306_I2C.h" />
		<Unit filename="libraries/AP_Notify/ExternalLED.cpp" />
		<Unit filename="libraries/AP_Notify/ExternalLED.h" />
		<Unit filename="libraries/AP_Notify/NavioLED.cpp" />
		<Unit filename="libraries/AP_Notify/NavioLED.h" />
		<Unit filename="libraries/AP_Notify/NavioLED_I2C.cpp" />
		<Unit filename="libraries/AP_Notify/NavioLED_I2C.h" />
		<Unit filename="libraries/AP_Notify/NotifyDevice.h" />
		<Unit filename="libraries/AP_Notify/OreoLED_PX4.cpp" />
		<Unit filename="libraries/AP_Notify/OreoLED_PX4.h" />
		<Unit filename="libraries/AP_Notify/PixRacerLED.cpp" />
		<Unit filename="libraries/AP_Notify/PixRacerLED.h" />
		<Unit filename="libraries/AP_Notify/RCOutputRGBLed.cpp" />
		<Unit filename="libraries/AP_Notify/RCOutputRGBLed.h" />
		<Unit filename="libraries/AP_Notify/RGBLed.cpp" />
		<Unit filename="libraries/AP_Notify/RGBLed.h" />
		<Unit filename="libraries/AP_Notify/ToneAlarm_Linux.cpp" />
		<Unit filename="libraries/AP_Notify/ToneAlarm_Linux.h" />
		<Unit filename="libraries/AP_Notify/ToneAlarm_PX4.cpp" />
		<Unit filename="libraries/AP_Notify/ToneAlarm_PX4.h" />
		<Unit filename="libraries/AP_Notify/ToneAlarm_PX4_Solo.cpp" />
		<Unit filename="libraries/AP_Notify/ToneAlarm_PX4_Solo.h" />
		<Unit filename="libraries/AP_Notify/ToshibaLED.cpp" />
		<Unit filename="libraries/AP_Notify/ToshibaLED.h" />
		<Unit filename="libraries/AP_Notify/ToshibaLED_I2C.cpp" />
		<Unit filename="libraries/AP_Notify/ToshibaLED_I2C.h" />
		<Unit filename="libraries/AP_Notify/VRBoard_LED.cpp" />
		<Unit filename="libraries/AP_Notify/VRBoard_LED.h" />
		<Unit filename="libraries/AP_Notify/examples/AP_Notify_test/AP_Notify_test.cpp" />
		<Unit filename="libraries/AP_Notify/examples/ToshibaLED_test/ToshibaLED_test.cpp" />
		<Unit filename="libraries/AP_OpticalFlow/AP_OpticalFlow.h" />
		<Unit filename="libraries/AP_OpticalFlow/AP_OpticalFlow_Onboard.cpp" />
		<Unit filename="libraries/AP_OpticalFlow/AP_OpticalFlow_Onboard.h" />
		<Unit filename="libraries/AP_OpticalFlow/AP_OpticalFlow_PX4Flow.cpp" />
		<Unit filename="libraries/AP_OpticalFlow/AP_OpticalFlow_PX4Flow.h" />
		<Unit filename="libraries/AP_OpticalFlow/AP_OpticalFlow_Pixart.cpp" />
		<Unit filename="libraries/AP_OpticalFlow/AP_OpticalFlow_Pixart.h" />
		<Unit filename="libraries/AP_OpticalFlow/AP_OpticalFlow_Pixart_SROM.h" />
		<Unit filename="libraries/AP_OpticalFlow/AP_OpticalFlow_SITL.cpp" />
		<Unit filename="libraries/AP_OpticalFlow/AP_OpticalFlow_SITL.h" />
		<Unit filename="libraries/AP_OpticalFlow/OpticalFlow.cpp" />
		<Unit filename="libraries/AP_OpticalFlow/OpticalFlow.h" />
		<Unit filename="libraries/AP_OpticalFlow/OpticalFlow_backend.cpp" />
		<Unit filename="libraries/AP_OpticalFlow/OpticalFlow_backend.h" />
		<Unit filename="libraries/AP_OpticalFlow/examples/AP_OpticalFlow_test/AP_OpticalFlow_test.cpp" />
		<Unit filename="libraries/AP_Parachute/AP_Parachute.cpp" />
		<Unit filename="libraries/AP_Parachute/AP_Parachute.h" />
		<Unit filename="libraries/AP_Parachute/examples/AP_Parachute_test/AP_Parachute_test.cpp" />
		<Unit filename="libraries/AP_Param/AP_Param.cpp" />
		<Unit filename="libraries/AP_Param/AP_Param.h" />
		<Unit filename="libraries/AP_Param/tools/eedump.c">
			<Option compilerVar="CC" />
		</Unit>
		<Unit filename="libraries/AP_Param/tools/eedump_apparam.c">
			<Option compilerVar="CC" />
		</Unit>
		<Unit filename="libraries/AP_Proximity/AP_Proximity.cpp" />
		<Unit filename="libraries/AP_Proximity/AP_Proximity.h" />
		<Unit filename="libraries/AP_Proximity/AP_Proximity_Backend.cpp" />
		<Unit filename="libraries/AP_Proximity/AP_Proximity_Backend.h" />
		<Unit filename="libraries/AP_Proximity/AP_Proximity_LightWareSF40C.cpp" />
		<Unit filename="libraries/AP_Proximity/AP_Proximity_LightWareSF40C.h" />
		<Unit filename="libraries/AP_Proximity/AP_Proximity_MAV.cpp" />
		<Unit filename="libraries/AP_Proximity/AP_Proximity_MAV.h" />
		<Unit filename="libraries/AP_Proximity/AP_Proximity_RangeFinder.cpp" />
		<Unit filename="libraries/AP_Proximity/AP_Proximity_RangeFinder.h" />
		<Unit filename="libraries/AP_Proximity/AP_Proximity_SITL.cpp" />
		<Unit filename="libraries/AP_Proximity/AP_Proximity_SITL.h" />
		<Unit filename="libraries/AP_Proximity/AP_Proximity_TeraRangerTower.cpp" />
		<Unit filename="libraries/AP_Proximity/AP_Proximity_TeraRangerTower.h" />
		<Unit filename="libraries/AP_RCMapper/AP_RCMapper.cpp" />
		<Unit filename="libraries/AP_RCMapper/AP_RCMapper.h" />
		<Unit filename="libraries/AP_RPM/AP_RPM.cpp" />
		<Unit filename="libraries/AP_RPM/AP_RPM.h" />
		<Unit filename="libraries/AP_RPM/RPM_Backend.cpp" />
		<Unit filename="libraries/AP_RPM/RPM_Backend.h" />
		<Unit filename="libraries/AP_RPM/RPM_PX4_PWM.cpp" />
		<Unit filename="libraries/AP_RPM/RPM_PX4_PWM.h" />
		<Unit filename="libraries/AP_RPM/RPM_Pin.cpp" />
		<Unit filename="libraries/AP_RPM/RPM_Pin.h" />
		<Unit filename="libraries/AP_RPM/RPM_SITL.cpp" />
		<Unit filename="libraries/AP_RPM/RPM_SITL.h" />
		<Unit filename="libraries/AP_RPM/examples/RPM_generic/RPM_generic.cpp" />
		<Unit filename="libraries/AP_RSSI/AP_RSSI.cpp" />
		<Unit filename="libraries/AP_RSSI/AP_RSSI.h" />
		<Unit filename="libraries/AP_Rally/AP_Rally.cpp" />
		<Unit filename="libraries/AP_Rally/AP_Rally.h" />
		<Unit filename="libraries/AP_RangeFinder/AP_RangeFinder.h" />
		<Unit filename="libraries/AP_RangeFinder/AP_RangeFinder_BBB_PRU.cpp" />
		<Unit filename="libraries/AP_RangeFinder/AP_RangeFinder_BBB_PRU.h" />
		<Unit filename="libraries/AP_RangeFinder/AP_RangeFinder_Bebop.cpp" />
		<Unit filename="libraries/AP_RangeFinder/AP_RangeFinder_Bebop.h" />
		<Unit filename="libraries/AP_RangeFinder/AP_RangeFinder_LeddarOne.cpp" />
		<Unit filename="libraries/AP_RangeFinder/AP_RangeFinder_LeddarOne.h" />
		<Unit filename="libraries/AP_RangeFinder/AP_RangeFinder_LightWareI2C.cpp" />
		<Unit filename="libraries/AP_RangeFinder/AP_RangeFinder_LightWareI2C.h" />
		<Unit filename="libraries/AP_RangeFinder/AP_RangeFinder_LightWareSerial.cpp" />
		<Unit filename="libraries/AP_RangeFinder/AP_RangeFinder_LightWareSerial.h" />
		<Unit filename="libraries/AP_RangeFinder/AP_RangeFinder_MAVLink.cpp" />
		<Unit filename="libraries/AP_RangeFinder/AP_RangeFinder_MAVLink.h" />
		<Unit filename="libraries/AP_RangeFinder/AP_RangeFinder_MaxsonarI2CXL.cpp" />
		<Unit filename="libraries/AP_RangeFinder/AP_RangeFinder_MaxsonarI2CXL.h" />
		<Unit filename="libraries/AP_RangeFinder/AP_RangeFinder_MaxsonarSerialLV.cpp" />
		<Unit filename="libraries/AP_RangeFinder/AP_RangeFinder_MaxsonarSerialLV.h" />
		<Unit filename="libraries/AP_RangeFinder/AP_RangeFinder_PX4_PWM.cpp" />
		<Unit filename="libraries/AP_RangeFinder/AP_RangeFinder_PX4_PWM.h" />
		<Unit filename="libraries/AP_RangeFinder/AP_RangeFinder_PulsedLightLRF.cpp" />
		<Unit filename="libraries/AP_RangeFinder/AP_RangeFinder_PulsedLightLRF.h" />
		<Unit filename="libraries/AP_RangeFinder/AP_RangeFinder_analog.cpp" />
		<Unit filename="libraries/AP_RangeFinder/AP_RangeFinder_analog.h" />
		<Unit filename="libraries/AP_RangeFinder/AP_RangeFinder_trone.cpp" />
		<Unit filename="libraries/AP_RangeFinder/AP_RangeFinder_trone.h" />
		<Unit filename="libraries/AP_RangeFinder/AP_RangeFinder_uLanding.cpp" />
		<Unit filename="libraries/AP_RangeFinder/AP_RangeFinder_uLanding.h" />
		<Unit filename="libraries/AP_RangeFinder/RangeFinder.cpp" />
		<Unit filename="libraries/AP_RangeFinder/RangeFinder.h" />
		<Unit filename="libraries/AP_RangeFinder/RangeFinder_Backend.cpp" />
		<Unit filename="libraries/AP_RangeFinder/RangeFinder_Backend.h" />
		<Unit filename="libraries/AP_RangeFinder/examples/RFIND_test/RFIND_test.cpp" />
		<Unit filename="libraries/AP_Relay/AP_Relay.cpp" />
		<Unit filename="libraries/AP_Relay/AP_Relay.h" />
		<Unit filename="libraries/AP_Scheduler/AP_Scheduler.cpp" />
		<Unit filename="libraries/AP_Scheduler/AP_Scheduler.h" />
		<Unit filename="libraries/AP_Scheduler/examples/Scheduler_test/Scheduler_test.cpp" />
		<Unit filename="libraries/AP_SerialManager/AP_SerialManager.cpp" />
		<Unit filename="libraries/AP_SerialManager/AP_SerialManager.h" />
		<Unit filename="libraries/AP_ServoRelayEvents/AP_ServoRelayEvents.cpp" />
		<Unit filename="libraries/AP_ServoRelayEvents/AP_ServoRelayEvents.h" />
		<Unit filename="libraries/AP_Soaring/AP_Soaring.cpp" />
		<Unit filename="libraries/AP_Soaring/AP_Soaring.h" />
		<Unit filename="libraries/AP_Soaring/ExtendedKalmanFilter.cpp" />
		<Unit filename="libraries/AP_Soaring/ExtendedKalmanFilter.h" />
		<Unit filename="libraries/AP_SpdHgtControl/AP_SpdHgtControl.h" />
		<Unit filename="libraries/AP_Stats/AP_Stats.cpp" />
		<Unit filename="libraries/AP_Stats/AP_Stats.h" />
		<Unit filename="libraries/AP_TECS/AP_TECS.cpp" />
		<Unit filename="libraries/AP_TECS/AP_TECS.h" />
		<Unit filename="libraries/AP_TemperatureSensor/TSYS01.cpp" />
		<Unit filename="libraries/AP_TemperatureSensor/TSYS01.h" />
		<Unit filename="libraries/AP_Terrain/AP_Terrain.cpp" />
		<Unit filename="libraries/AP_Terrain/AP_Terrain.h" />
		<Unit filename="libraries/AP_Terrain/TerrainGCS.cpp" />
		<Unit filename="libraries/AP_Terrain/TerrainIO.cpp" />
		<Unit filename="libraries/AP_Terrain/TerrainMission.cpp" />
		<Unit filename="libraries/AP_Terrain/TerrainUtil.cpp" />
		<Unit filename="libraries/AP_Tuning/AP_Tuning.cpp" />
		<Unit filename="libraries/AP_Tuning/AP_Tuning.h" />
		<Unit filename="libraries/AP_UAVCAN/AP_UAVCAN.cpp" />
		<Unit filename="libraries/AP_UAVCAN/AP_UAVCAN.h" />
		<Unit filename="libraries/AP_Vehicle/AP_Vehicle.h" />
		<Unit filename="libraries/AP_Vehicle/AP_Vehicle_Type.h" />
		<Unit filename="libraries/AP_VisualOdom/AP_VisualOdom.cpp" />
		<Unit filename="libraries/AP_VisualOdom/AP_VisualOdom.h" />
		<Unit filename="libraries/AP_VisualOdom/AP_VisualOdom_Backend.cpp" />
		<Unit filename="libraries/AP_VisualOdom/AP_VisualOdom_Backend.h" />
		<Unit filename="libraries/AP_VisualOdom/AP_VisualOdom_MAV.cpp" />
		<Unit filename="libraries/AP_VisualOdom/AP_VisualOdom_MAV.h" />
		<Unit filename="libraries/DataFlash/DFMessageWriter.cpp" />
		<Unit filename="libraries/DataFlash/DFMessageWriter.h" />
		<Unit filename="libraries/DataFlash/DataFlash.cpp" />
		<Unit filename="libraries/DataFlash/DataFlash.h" />
		<Unit filename="libraries/DataFlash/DataFlash_Backend.cpp" />
		<Unit filename="libraries/DataFlash/DataFlash_Backend.h" />
		<Unit filename="libraries/DataFlash/DataFlash_Block.cpp" />
		<Unit filename="libraries/DataFlash/DataFlash_Block.h" />
		<Unit filename="libraries/DataFlash/DataFlash_File.cpp" />
		<Unit filename="libraries/DataFlash/DataFlash_File.h" />
		<Unit filename="libraries/DataFlash/DataFlash_MAVLink.cpp" />
		<Unit filename="libraries/DataFlash/DataFlash_MAVLink.h" />
		<Unit filename="libraries/DataFlash/DataFlash_SITL.cpp" />
		<Unit filename="libraries/DataFlash/DataFlash_SITL.h" />
		<Unit filename="libraries/DataFlash/LogFile.cpp" />
		<Unit filename="libraries/DataFlash/LogStructure.h" />
		<Unit filename="libraries/DataFlash/examples/DataFlash_AllTypes/DataFlash_AllTypes.cpp" />
		<Unit filename="libraries/DataFlash/examples/DataFlash_test/DataFlash_test.cpp" />
		<Unit filename="libraries/Filter/AverageFilter.h" />
		<Unit filename="libraries/Filter/Butter.h" />
		<Unit filename="libraries/Filter/DerivativeFilter.cpp" />
		<Unit filename="libraries/Filter/DerivativeFilter.h" />
		<Unit filename="libraries/Filter/Filter.h" />
		<Unit filename="libraries/Filter/FilterClass.h" />
		<Unit filename="libraries/Filter/FilterWithBuffer.h" />
		<Unit filename="libraries/Filter/LowPassFilter.cpp" />
		<Unit filename="libraries/Filter/LowPassFilter.h" />
		<Unit filename="libraries/Filter/LowPassFilter2p.cpp" />
		<Unit filename="libraries/Filter/LowPassFilter2p.h" />
		<Unit filename="libraries/Filter/ModeFilter.h" />
		<Unit filename="libraries/Filter/examples/Derivative/Derivative.cpp" />
		<Unit filename="libraries/Filter/examples/Filter/Filter.cpp" />
		<Unit filename="libraries/Filter/examples/LowPassFilter/LowPassFilter.cpp" />
		<Unit filename="libraries/Filter/examples/LowPassFilter2p/LowPassFilter2p.cpp" />
		<Unit filename="libraries/GCS_Console/GCS_Console.cpp" />
		<Unit filename="libraries/GCS_Console/GCS_Console.h" />
		<Unit filename="libraries/GCS_Console/examples/Console/Console.cpp" />
		<Unit filename="libraries/GCS_Console/examples/Console/simplegcs.cpp" />
		<Unit filename="libraries/GCS_Console/examples/Console/simplegcs.h" />
		<Unit filename="libraries/GCS_MAVLink/GCS.h" />
		<Unit filename="libraries/GCS_MAVLink/GCS_Common.cpp" />
		<Unit filename="libraries/GCS_MAVLink/GCS_DeviceOp.cpp" />
		<Unit filename="libraries/GCS_MAVLink/GCS_Logs.cpp" />
		<Unit filename="libraries/GCS_MAVLink/GCS_MAVLink.cpp" />
		<Unit filename="libraries/GCS_MAVLink/GCS_MAVLink.h" />
		<Unit filename="libraries/GCS_MAVLink/GCS_Signing.cpp" />
		<Unit filename="libraries/GCS_MAVLink/GCS_serial_control.cpp" />
		<Unit filename="libraries/GCS_MAVLink/MAVLink_routing.cpp" />
		<Unit filename="libraries/GCS_MAVLink/MAVLink_routing.h" />
		<Unit filename="libraries/GCS_MAVLink/examples/routing/routing.cpp" />
		<Unit filename="libraries/PID/PID.cpp" />
		<Unit filename="libraries/PID/PID.h" />
		<Unit filename="libraries/PID/examples/pid/pid.cpp" />
		<Unit filename="libraries/RC_Channel/RC_Channel.cpp" />
		<Unit filename="libraries/RC_Channel/RC_Channel.h" />
		<Unit filename="libraries/RC_Channel/RC_Channels.cpp" />
		<Unit filename="libraries/RC_Channel/examples/RC_Channel/RC_Channel.cpp" />
		<Unit filename="libraries/RC_Channel/examples/RC_UART/RC_UART.cpp" />
		<Unit filename="libraries/SITL/Frame_Vectored.h" />
		<Unit filename="libraries/SITL/SIM_ADSB.cpp" />
		<Unit filename="libraries/SITL/SIM_ADSB.h" />
		<Unit filename="libraries/SITL/SIM_Aircraft.cpp" />
		<Unit filename="libraries/SITL/SIM_Aircraft.h" />
		<Unit filename="libraries/SITL/SIM_Balloon.cpp" />
		<Unit filename="libraries/SITL/SIM_Balloon.h" />
		<Unit filename="libraries/SITL/SIM_CRRCSim.cpp" />
		<Unit filename="libraries/SITL/SIM_CRRCSim.h" />
		<Unit filename="libraries/SITL/SIM_Calibration.cpp" />
		<Unit filename="libraries/SITL/SIM_Calibration.h" />
		<Unit filename="libraries/SITL/SIM_FlightAxis.cpp" />
		<Unit filename="libraries/SITL/SIM_FlightAxis.h" />
		<Unit filename="libraries/SITL/SIM_Frame.cpp" />
		<Unit filename="libraries/SITL/SIM_Frame.h" />
		<Unit filename="libraries/SITL/SIM_Gazebo.cpp" />
		<Unit filename="libraries/SITL/SIM_Gazebo.h" />
		<Unit filename="libraries/SITL/SIM_Gimbal.cpp" />
		<Unit filename="libraries/SITL/SIM_Gimbal.h" />
		<Unit filename="libraries/SITL/SIM_Gripper_EPM.cpp" />
		<Unit filename="libraries/SITL/SIM_Gripper_EPM.h" />
		<Unit filename="libraries/SITL/SIM_Gripper_Servo.cpp" />
		<Unit filename="libraries/SITL/SIM_Gripper_Servo.h" />
		<Unit filename="libraries/SITL/SIM_Helicopter.cpp" />
		<Unit filename="libraries/SITL/SIM_Helicopter.h" />
		<Unit filename="libraries/SITL/SIM_ICEngine.cpp" />
		<Unit filename="libraries/SITL/SIM_ICEngine.h" />
		<Unit filename="libraries/SITL/SIM_JSBSim.cpp" />
		<Unit filename="libraries/SITL/SIM_JSBSim.h" />
		<Unit filename="libraries/SITL/SIM_Motor.cpp" />
		<Unit filename="libraries/SITL/SIM_Motor.h" />
		<Unit filename="libraries/SITL/SIM_Multicopter.cpp" />
		<Unit filename="libraries/SITL/SIM_Multicopter.h" />
		<Unit filename="libraries/SITL/SIM_Plane.cpp" />
		<Unit filename="libraries/SITL/SIM_Plane.h" />
		<Unit filename="libraries/SITL/SIM_QuadPlane.cpp" />
		<Unit filename="libraries/SITL/SIM_QuadPlane.h" />
		<Unit filename="libraries/SITL/SIM_Rover.cpp" />
		<Unit filename="libraries/SITL/SIM_Rover.h" />
		<Unit filename="libraries/SITL/SIM_SingleCopter.cpp" />
		<Unit filename="libraries/SITL/SIM_SingleCopter.h" />
		<Unit filename="libraries/SITL/SIM_Sprayer.cpp" />
		<Unit filename="libraries/SITL/SIM_Sprayer.h" />
		<Unit filename="libraries/SITL/SIM_Submarine.cpp" />
		<Unit filename="libraries/SITL/SIM_Submarine.h" />
		<Unit filename="libraries/SITL/SIM_Tracker.cpp" />
		<Unit filename="libraries/SITL/SIM_Tracker.h" />
		<Unit filename="libraries/SITL/SIM_XPlane.cpp" />
		<Unit filename="libraries/SITL/SIM_XPlane.h" />
		<Unit filename="libraries/SITL/SIM_last_letter.cpp" />
		<Unit filename="libraries/SITL/SIM_last_letter.h" />
		<Unit filename="libraries/SITL/SITL.cpp" />
		<Unit filename="libraries/SITL/SITL.h" />
		<Unit filename="libraries/SRV_Channel/SRV_Channel.cpp" />
		<Unit filename="libraries/SRV_Channel/SRV_Channel.h" />
		<Unit filename="libraries/SRV_Channel/SRV_Channel_aux.cpp" />
		<Unit filename="libraries/SRV_Channel/SRV_Channels.cpp" />
		<Unit filename="libraries/StorageManager/StorageManager.cpp" />
		<Unit filename="libraries/StorageManager/StorageManager.h" />
		<Unit filename="libraries/StorageManager/examples/StorageTest/StorageTest.cpp" />
		<Extensions>
			<code_completion />
			<envvars />
			<debugger />
			<lib_finder disable_auto="1" />
		</Extensions>
	</Project>
</CodeBlocks_project_file>
